// !$*UTF8*$!
{
	archiveVersion = 1;
	classes = {
	};
	objectVersion = 56;
	objects = {

/* Begin PBXBuildFile section */
		290B816B2AD7F01100B858F1 /* CameraDirection.swift in Sources */ = {isa = PBXBuildFile; fileRef = 290B816A2AD7F01100B858F1 /* CameraDirection.swift */; };
		290B816D2AD7F03900B858F1 /* CameraPosition.swift in Sources */ = {isa = PBXBuildFile; fileRef = 290B816C2AD7F03900B858F1 /* CameraPosition.swift */; };
		290B81702AD7FCE700B858F1 /* MainEventsList.swift in Sources */ = {isa = PBXBuildFile; fileRef = 290B816F2AD7FCE700B858F1 /* MainEventsList.swift */; };
		290B81752AD9149800B858F1 /* MotionManager.swift in Sources */ = {isa = PBXBuildFile; fileRef = 290B81742AD9149800B858F1 /* MotionManager.swift */; };
		290FF3B32B5E56AD0096D655 /* AuthViewManager.swift in Sources */ = {isa = PBXBuildFile; fileRef = 290FF3B22B5E56AD0096D655 /* AuthViewManager.swift */; };
		290FF3B52B5E5E180096D655 /* GlobalStorage.swift in Sources */ = {isa = PBXBuildFile; fileRef = 290FF3B42B5E5E180096D655 /* GlobalStorage.swift */; };
		290FF3B72B5E90240096D655 /* BPErrorView.swift in Sources */ = {isa = PBXBuildFile; fileRef = 290FF3B62B5E90240096D655 /* BPErrorView.swift */; };
		294D97A72B3B2AEC00057F70 /* FirebaseAuth in Frameworks */ = {isa = PBXBuildFile; productRef = 294D97A62B3B2AEC00057F70 /* FirebaseAuth */; };
		294D97A92B3CD38700057F70 /* GoogleService-Info.plist in Resources */ = {isa = PBXBuildFile; fileRef = 294D97A82B3CD38600057F70 /* GoogleService-Info.plist */; };
		2955C9632B4B8C8C003F9ADC /* Localizable.xcstrings in Resources */ = {isa = PBXBuildFile; fileRef = 2955C9622B4B8C8C003F9ADC /* Localizable.xcstrings */; };
		2955C96A2B4E416D003F9ADC /* AuthenticationScreen.swift in Sources */ = {isa = PBXBuildFile; fileRef = 2955C9692B4E416D003F9ADC /* AuthenticationScreen.swift */; };
		2955C96D2B4ECB05003F9ADC /* BPTextFieldWithIcon.swift in Sources */ = {isa = PBXBuildFile; fileRef = 2955C96C2B4ECB05003F9ADC /* BPTextFieldWithIcon.swift */; };
		2955C96F2B4EDB15003F9ADC /* BPButtonLargeStyle.swift in Sources */ = {isa = PBXBuildFile; fileRef = 2955C96E2B4EDB15003F9ADC /* BPButtonLargeStyle.swift */; };
		2955C9732B4EE737003F9ADC /* StarterScreen.swift in Sources */ = {isa = PBXBuildFile; fileRef = 2955C9722B4EE737003F9ADC /* StarterScreen.swift */; };
		2955C9772B4FECDE003F9ADC /* AuthenticationManager.swift in Sources */ = {isa = PBXBuildFile; fileRef = 2955C9762B4FECDE003F9ADC /* AuthenticationManager.swift */; };
		2955C9792B50FDEF003F9ADC /* SignUpView.swift in Sources */ = {isa = PBXBuildFile; fileRef = 2955C9782B50FDEF003F9ADC /* SignUpView.swift */; };
		2955C97C2B518715003F9ADC /* SettingsView.swift in Sources */ = {isa = PBXBuildFile; fileRef = 2955C97B2B518714003F9ADC /* SettingsView.swift */; };
		2955C9822B57C1BE003F9ADC /* AuthDataResultModel.swift in Sources */ = {isa = PBXBuildFile; fileRef = 2955C9812B57C1BE003F9ADC /* AuthDataResultModel.swift */; };
		29656CD42B17600A0093A19A /* BroadcastPlannerTests.swift in Sources */ = {isa = PBXBuildFile; fileRef = 29656CD32B17600A0093A19A /* BroadcastPlannerTests.swift */; };
		297EC5692ACC2DD0009BB06C /* Storage.swift in Sources */ = {isa = PBXBuildFile; fileRef = 297EC5682ACC2DD0009BB06C /* Storage.swift */; };
		297EC56E2ACC5116009BB06C /* AddCameraView.swift in Sources */ = {isa = PBXBuildFile; fileRef = 297EC56D2ACC5116009BB06C /* AddCameraView.swift */; };
		297EC5732AD3E6D8009BB06C /* SingleCameraStadiumView.swift in Sources */ = {isa = PBXBuildFile; fileRef = 297EC5722AD3E6D8009BB06C /* SingleCameraStadiumView.swift */; };
		298932682AE24D7000BD93CA /* BPError.swift in Sources */ = {isa = PBXBuildFile; fileRef = 298932672AE24D7000BD93CA /* BPError.swift */; };
		29C041C02AC556CE008B3E1F /* BroadcastPlannerApp.swift in Sources */ = {isa = PBXBuildFile; fileRef = 29C041BF2AC556CE008B3E1F /* BroadcastPlannerApp.swift */; };
		29C041C22AC556CE008B3E1F /* EventMainView.swift in Sources */ = {isa = PBXBuildFile; fileRef = 29C041C12AC556CE008B3E1F /* EventMainView.swift */; };
		29C041C42AC556D2008B3E1F /* Assets.xcassets in Resources */ = {isa = PBXBuildFile; fileRef = 29C041C32AC556D2008B3E1F /* Assets.xcassets */; };
		29C041C82AC556D2008B3E1F /* Preview Assets.xcassets in Resources */ = {isa = PBXBuildFile; fileRef = 29C041C72AC556D2008B3E1F /* Preview Assets.xcassets */; };
		29C041D02AC557E1008B3E1F /* BPUser.swift in Sources */ = {isa = PBXBuildFile; fileRef = 29C041CF2AC557E0008B3E1F /* BPUser.swift */; };
		29C041D22AC55C7A008B3E1F /* Event.swift in Sources */ = {isa = PBXBuildFile; fileRef = 29C041D12AC55C7A008B3E1F /* Event.swift */; };
		29C041D62AC55D11008B3E1F /* Broadcaster.swift in Sources */ = {isa = PBXBuildFile; fileRef = 29C041D52AC55D11008B3E1F /* Broadcaster.swift */; };
		29C041D82AC55D4A008B3E1F /* Stadium.swift in Sources */ = {isa = PBXBuildFile; fileRef = 29C041D72AC55D4A008B3E1F /* Stadium.swift */; };
		29C041DB2AC5620A008B3E1F /* StadiumView.swift in Sources */ = {isa = PBXBuildFile; fileRef = 29C041DA2AC5620A008B3E1F /* StadiumView.swift */; };
		29C041DD2AC56AE8008B3E1F /* EventInfoView.swift in Sources */ = {isa = PBXBuildFile; fileRef = 29C041DC2AC56AE8008B3E1F /* EventInfoView.swift */; };
		29C041DF2AC5B133008B3E1F /* CameraView.swift in Sources */ = {isa = PBXBuildFile; fileRef = 29C041DE2AC5B133008B3E1F /* CameraView.swift */; };
		29C041E32AC6988B008B3E1F /* NetworkManager.swift in Sources */ = {isa = PBXBuildFile; fileRef = 29C041E22AC6988B008B3E1F /* NetworkManager.swift */; };
		29C041E72AC69A11008B3E1F /* Camera.swift in Sources */ = {isa = PBXBuildFile; fileRef = 29C041E62AC69A11008B3E1F /* Camera.swift */; };
		29C041E92AC69A5D008B3E1F /* MockData.swift in Sources */ = {isa = PBXBuildFile; fileRef = 29C041E82AC69A5D008B3E1F /* MockData.swift */; };
		29C041EB2ACBE4CC008B3E1F /* MainTabView.swift in Sources */ = {isa = PBXBuildFile; fileRef = 29C041EA2ACBE4CC008B3E1F /* MainTabView.swift */; };
		29C041ED2ACBE96D008B3E1F /* EventMainViewModel.swift in Sources */ = {isa = PBXBuildFile; fileRef = 29C041EC2ACBE96D008B3E1F /* EventMainViewModel.swift */; };
		29C041F22ACBF45B008B3E1F /* Color+Ext.swift in Sources */ = {isa = PBXBuildFile; fileRef = 29C041F12ACBF45B008B3E1F /* Color+Ext.swift */; };
		29C041F62ACC0AE2008B3E1F /* CameraListView.swift in Sources */ = {isa = PBXBuildFile; fileRef = 29C041F52ACC0AE2008B3E1F /* CameraListView.swift */; };
		29C041F82ACC0AFD008B3E1F /* CameraListCellView.swift in Sources */ = {isa = PBXBuildFile; fileRef = 29C041F72ACC0AFC008B3E1F /* CameraListCellView.swift */; };
		29C82BE02AD7BF030056A998 /* AddCameraViewModel.swift in Sources */ = {isa = PBXBuildFile; fileRef = 29C82BDF2AD7BF030056A998 /* AddCameraViewModel.swift */; };
		29FFDAAD2AD945EC005AD50F /* MainEventListCell.swift in Sources */ = {isa = PBXBuildFile; fileRef = 29FFDAAC2AD945EC005AD50F /* MainEventListCell.swift */; };
		29FFDAB02ADA560E005AD50F /* AddEventView.swift in Sources */ = {isa = PBXBuildFile; fileRef = 29FFDAAF2ADA560E005AD50F /* AddEventView.swift */; };
		29FFDAB22ADA7F6F005AD50F /* Sport.swift in Sources */ = {isa = PBXBuildFile; fileRef = 29FFDAB12ADA7F6F005AD50F /* Sport.swift */; };
		29FFDAB82ADBC2F1005AD50F /* BackgroundTabItem.swift in Sources */ = {isa = PBXBuildFile; fileRef = 29FFDAB72ADBC2F1005AD50F /* BackgroundTabItem.swift */; };
/* End PBXBuildFile section */

/* Begin PBXContainerItemProxy section */
		29656CD52B17600A0093A19A /* PBXContainerItemProxy */ = {
			isa = PBXContainerItemProxy;
			containerPortal = 29C041B42AC556CE008B3E1F /* Project object */;
			proxyType = 1;
			remoteGlobalIDString = 29C041BB2AC556CE008B3E1F;
			remoteInfo = BroadcastPlanner;
		};
/* End PBXContainerItemProxy section */

/* Begin PBXFileReference section */
		290B816A2AD7F01100B858F1 /* CameraDirection.swift */ = {isa = PBXFileReference; lastKnownFileType = sourcecode.swift; path = CameraDirection.swift; sourceTree = "<group>"; };
		290B816C2AD7F03900B858F1 /* CameraPosition.swift */ = {isa = PBXFileReference; lastKnownFileType = sourcecode.swift; path = CameraPosition.swift; sourceTree = "<group>"; };
		290B816F2AD7FCE700B858F1 /* MainEventsList.swift */ = {isa = PBXFileReference; lastKnownFileType = sourcecode.swift; path = MainEventsList.swift; sourceTree = "<group>"; };
		290B81742AD9149800B858F1 /* MotionManager.swift */ = {isa = PBXFileReference; lastKnownFileType = sourcecode.swift; path = MotionManager.swift; sourceTree = "<group>"; };
		290FF3B22B5E56AD0096D655 /* AuthViewManager.swift */ = {isa = PBXFileReference; lastKnownFileType = sourcecode.swift; path = AuthViewManager.swift; sourceTree = "<group>"; };
		290FF3B42B5E5E180096D655 /* GlobalStorage.swift */ = {isa = PBXFileReference; lastKnownFileType = sourcecode.swift; path = GlobalStorage.swift; sourceTree = "<group>"; };
		290FF3B62B5E90240096D655 /* BPErrorView.swift */ = {isa = PBXFileReference; lastKnownFileType = sourcecode.swift; path = BPErrorView.swift; sourceTree = "<group>"; };
		294D97A82B3CD38600057F70 /* GoogleService-Info.plist */ = {isa = PBXFileReference; fileEncoding = 4; lastKnownFileType = text.plist.xml; path = "GoogleService-Info.plist"; sourceTree = "<group>"; };
		2955C9622B4B8C8C003F9ADC /* Localizable.xcstrings */ = {isa = PBXFileReference; lastKnownFileType = text.json.xcstrings; path = Localizable.xcstrings; sourceTree = "<group>"; };
		2955C9692B4E416D003F9ADC /* AuthenticationScreen.swift */ = {isa = PBXFileReference; lastKnownFileType = sourcecode.swift; path = AuthenticationScreen.swift; sourceTree = "<group>"; };
		2955C96C2B4ECB05003F9ADC /* BPTextFieldWithIcon.swift */ = {isa = PBXFileReference; lastKnownFileType = sourcecode.swift; path = BPTextFieldWithIcon.swift; sourceTree = "<group>"; };
		2955C96E2B4EDB15003F9ADC /* BPButtonLargeStyle.swift */ = {isa = PBXFileReference; lastKnownFileType = sourcecode.swift; path = BPButtonLargeStyle.swift; sourceTree = "<group>"; };
		2955C9722B4EE737003F9ADC /* StarterScreen.swift */ = {isa = PBXFileReference; lastKnownFileType = sourcecode.swift; path = StarterScreen.swift; sourceTree = "<group>"; };
		2955C9762B4FECDE003F9ADC /* AuthenticationManager.swift */ = {isa = PBXFileReference; lastKnownFileType = sourcecode.swift; path = AuthenticationManager.swift; sourceTree = "<group>"; };
		2955C9782B50FDEF003F9ADC /* SignUpView.swift */ = {isa = PBXFileReference; lastKnownFileType = sourcecode.swift; path = SignUpView.swift; sourceTree = "<group>"; };
		2955C97B2B518714003F9ADC /* SettingsView.swift */ = {isa = PBXFileReference; lastKnownFileType = sourcecode.swift; path = SettingsView.swift; sourceTree = "<group>"; };
		2955C9812B57C1BE003F9ADC /* AuthDataResultModel.swift */ = {isa = PBXFileReference; lastKnownFileType = sourcecode.swift; path = AuthDataResultModel.swift; sourceTree = "<group>"; };
		29656CD12B17600A0093A19A /* BroadcastPlannerTests.xctest */ = {isa = PBXFileReference; explicitFileType = wrapper.cfbundle; includeInIndex = 0; path = BroadcastPlannerTests.xctest; sourceTree = BUILT_PRODUCTS_DIR; };
		29656CD32B17600A0093A19A /* BroadcastPlannerTests.swift */ = {isa = PBXFileReference; lastKnownFileType = sourcecode.swift; path = BroadcastPlannerTests.swift; sourceTree = "<group>"; };
		297EC5682ACC2DD0009BB06C /* Storage.swift */ = {isa = PBXFileReference; lastKnownFileType = sourcecode.swift; path = Storage.swift; sourceTree = "<group>"; };
		297EC56D2ACC5116009BB06C /* AddCameraView.swift */ = {isa = PBXFileReference; lastKnownFileType = sourcecode.swift; path = AddCameraView.swift; sourceTree = "<group>"; };
		297EC5722AD3E6D8009BB06C /* SingleCameraStadiumView.swift */ = {isa = PBXFileReference; lastKnownFileType = sourcecode.swift; path = SingleCameraStadiumView.swift; sourceTree = "<group>"; };
		298932672AE24D7000BD93CA /* BPError.swift */ = {isa = PBXFileReference; lastKnownFileType = sourcecode.swift; path = BPError.swift; sourceTree = "<group>"; };
		299805FC2B2057DE00B01C33 /* BroadcastPlanner.xctestplan */ = {isa = PBXFileReference; lastKnownFileType = text; path = BroadcastPlanner.xctestplan; sourceTree = "<group>"; };
		29C041BC2AC556CE008B3E1F /* BroadcastPlanner.app */ = {isa = PBXFileReference; explicitFileType = wrapper.application; includeInIndex = 0; path = BroadcastPlanner.app; sourceTree = BUILT_PRODUCTS_DIR; };
		29C041BF2AC556CE008B3E1F /* BroadcastPlannerApp.swift */ = {isa = PBXFileReference; lastKnownFileType = sourcecode.swift; path = BroadcastPlannerApp.swift; sourceTree = "<group>"; };
		29C041C12AC556CE008B3E1F /* EventMainView.swift */ = {isa = PBXFileReference; lastKnownFileType = sourcecode.swift; path = EventMainView.swift; sourceTree = "<group>"; };
		29C041C32AC556D2008B3E1F /* Assets.xcassets */ = {isa = PBXFileReference; lastKnownFileType = folder.assetcatalog; path = Assets.xcassets; sourceTree = "<group>"; };
		29C041C52AC556D2008B3E1F /* BroadcastPlanner.entitlements */ = {isa = PBXFileReference; lastKnownFileType = text.plist.entitlements; path = BroadcastPlanner.entitlements; sourceTree = "<group>"; };
		29C041C72AC556D2008B3E1F /* Preview Assets.xcassets */ = {isa = PBXFileReference; lastKnownFileType = folder.assetcatalog; path = "Preview Assets.xcassets"; sourceTree = "<group>"; };
		29C041CF2AC557E0008B3E1F /* BPUser.swift */ = {isa = PBXFileReference; lastKnownFileType = sourcecode.swift; path = BPUser.swift; sourceTree = "<group>"; };
		29C041D12AC55C7A008B3E1F /* Event.swift */ = {isa = PBXFileReference; lastKnownFileType = sourcecode.swift; path = Event.swift; sourceTree = "<group>"; };
		29C041D52AC55D11008B3E1F /* Broadcaster.swift */ = {isa = PBXFileReference; lastKnownFileType = sourcecode.swift; path = Broadcaster.swift; sourceTree = "<group>"; };
		29C041D72AC55D4A008B3E1F /* Stadium.swift */ = {isa = PBXFileReference; lastKnownFileType = sourcecode.swift; path = Stadium.swift; sourceTree = "<group>"; };
		29C041DA2AC5620A008B3E1F /* StadiumView.swift */ = {isa = PBXFileReference; lastKnownFileType = sourcecode.swift; path = StadiumView.swift; sourceTree = "<group>"; };
		29C041DC2AC56AE8008B3E1F /* EventInfoView.swift */ = {isa = PBXFileReference; lastKnownFileType = sourcecode.swift; path = EventInfoView.swift; sourceTree = "<group>"; };
		29C041DE2AC5B133008B3E1F /* CameraView.swift */ = {isa = PBXFileReference; lastKnownFileType = sourcecode.swift; path = CameraView.swift; sourceTree = "<group>"; };
		29C041E22AC6988B008B3E1F /* NetworkManager.swift */ = {isa = PBXFileReference; lastKnownFileType = sourcecode.swift; path = NetworkManager.swift; sourceTree = "<group>"; };
		29C041E62AC69A11008B3E1F /* Camera.swift */ = {isa = PBXFileReference; lastKnownFileType = sourcecode.swift; path = Camera.swift; sourceTree = "<group>"; };
		29C041E82AC69A5D008B3E1F /* MockData.swift */ = {isa = PBXFileReference; lastKnownFileType = sourcecode.swift; path = MockData.swift; sourceTree = "<group>"; };
		29C041EA2ACBE4CC008B3E1F /* MainTabView.swift */ = {isa = PBXFileReference; lastKnownFileType = sourcecode.swift; path = MainTabView.swift; sourceTree = "<group>"; };
		29C041EC2ACBE96D008B3E1F /* EventMainViewModel.swift */ = {isa = PBXFileReference; lastKnownFileType = sourcecode.swift; path = EventMainViewModel.swift; sourceTree = "<group>"; };
		29C041F12ACBF45B008B3E1F /* Color+Ext.swift */ = {isa = PBXFileReference; lastKnownFileType = sourcecode.swift; path = "Color+Ext.swift"; sourceTree = "<group>"; };
		29C041F52ACC0AE2008B3E1F /* CameraListView.swift */ = {isa = PBXFileReference; lastKnownFileType = sourcecode.swift; path = CameraListView.swift; sourceTree = "<group>"; };
		29C041F72ACC0AFC008B3E1F /* CameraListCellView.swift */ = {isa = PBXFileReference; lastKnownFileType = sourcecode.swift; path = CameraListCellView.swift; sourceTree = "<group>"; };
		29C82BDF2AD7BF030056A998 /* AddCameraViewModel.swift */ = {isa = PBXFileReference; lastKnownFileType = sourcecode.swift; path = AddCameraViewModel.swift; sourceTree = "<group>"; };
		29FFDAAC2AD945EC005AD50F /* MainEventListCell.swift */ = {isa = PBXFileReference; lastKnownFileType = sourcecode.swift; path = MainEventListCell.swift; sourceTree = "<group>"; };
		29FFDAAF2ADA560E005AD50F /* AddEventView.swift */ = {isa = PBXFileReference; lastKnownFileType = sourcecode.swift; path = AddEventView.swift; sourceTree = "<group>"; };
		29FFDAB12ADA7F6F005AD50F /* Sport.swift */ = {isa = PBXFileReference; lastKnownFileType = sourcecode.swift; path = Sport.swift; sourceTree = "<group>"; };
		29FFDAB72ADBC2F1005AD50F /* BackgroundTabItem.swift */ = {isa = PBXFileReference; lastKnownFileType = sourcecode.swift; path = BackgroundTabItem.swift; sourceTree = "<group>"; };
/* End PBXFileReference section */

/* Begin PBXFrameworksBuildPhase section */
		29656CCE2B17600A0093A19A /* Frameworks */ = {
			isa = PBXFrameworksBuildPhase;
			buildActionMask = 2147483647;
			files = (
			);
			runOnlyForDeploymentPostprocessing = 0;
		};
		29C041B92AC556CE008B3E1F /* Frameworks */ = {
			isa = PBXFrameworksBuildPhase;
			buildActionMask = 2147483647;
			files = (
				294D97A72B3B2AEC00057F70 /* FirebaseAuth in Frameworks */,
			);
			runOnlyForDeploymentPostprocessing = 0;
		};
/* End PBXFrameworksBuildPhase section */

/* Begin PBXGroup section */
		290B81692AD7F00000B858F1 /* Camera */ = {
			isa = PBXGroup;
			children = (
				29C041E62AC69A11008B3E1F /* Camera.swift */,
				290B816A2AD7F01100B858F1 /* CameraDirection.swift */,
				290B816C2AD7F03900B858F1 /* CameraPosition.swift */,
			);
			path = Camera;
			sourceTree = "<group>";
		};
		290B816E2AD7FCBC00B858F1 /* EventsScreen */ = {
			isa = PBXGroup;
			children = (
				290B816F2AD7FCE700B858F1 /* MainEventsList.swift */,
				29C041E52AC6997C008B3E1F /* EventMainScreen */,
				29FFDAAE2ADA55F8005AD50F /* AddEventView */,
			);
			path = EventsScreen;
			sourceTree = "<group>";
		};
		290B81712AD8473300B858F1 /* StadiumViews */ = {
			isa = PBXGroup;
			children = (
				29C041DA2AC5620A008B3E1F /* StadiumView.swift */,
				297EC5722AD3E6D8009BB06C /* SingleCameraStadiumView.swift */,
			);
			path = StadiumViews;
			sourceTree = "<group>";
		};
		290B81732AD9148200B858F1 /* Motion */ = {
			isa = PBXGroup;
			children = (
				290B81742AD9149800B858F1 /* MotionManager.swift */,
			);
			path = Motion;
			sourceTree = "<group>";
		};
		290B81762AD91FF200B858F1 /* Modifiers */ = {
			isa = PBXGroup;
			children = (
			);
			path = Modifiers;
			sourceTree = "<group>";
		};
		2955C9682B4E4157003F9ADC /* AuthenticationScreen */ = {
			isa = PBXGroup;
			children = (
				2955C9702B4EE217003F9ADC /* RegistrationFlow */,
				2955C9692B4E416D003F9ADC /* AuthenticationScreen.swift */,
				290FF3B22B5E56AD0096D655 /* AuthViewManager.swift */,
			);
			path = AuthenticationScreen;
			sourceTree = "<group>";
		};
		2955C96B2B4ECADA003F9ADC /* Views */ = {
			isa = PBXGroup;
			children = (
				2955C96C2B4ECB05003F9ADC /* BPTextFieldWithIcon.swift */,
				2955C96E2B4EDB15003F9ADC /* BPButtonLargeStyle.swift */,
				290FF3B62B5E90240096D655 /* BPErrorView.swift */,
			);
			path = Views;
			sourceTree = "<group>";
		};
		2955C9702B4EE217003F9ADC /* RegistrationFlow */ = {
			isa = PBXGroup;
			children = (
				2955C9782B50FDEF003F9ADC /* SignUpView.swift */,
			);
			path = RegistrationFlow;
			sourceTree = "<group>";
		};
		2955C9712B4EE717003F9ADC /* MainTab */ = {
			isa = PBXGroup;
			children = (
				29C041EA2ACBE4CC008B3E1F /* MainTabView.swift */,
				290B816E2AD7FCBC00B858F1 /* EventsScreen */,
			);
			path = MainTab;
			sourceTree = "<group>";
		};
		2955C9752B4FECC5003F9ADC /* Authentication */ = {
			isa = PBXGroup;
			children = (
				2955C9762B4FECDE003F9ADC /* AuthenticationManager.swift */,
			);
			path = Authentication;
			sourceTree = "<group>";
		};
		2955C97A2B5186FD003F9ADC /* SettingsScreen */ = {
			isa = PBXGroup;
			children = (
				2955C97B2B518714003F9ADC /* SettingsView.swift */,
			);
			path = SettingsScreen;
			sourceTree = "<group>";
		};
		29656CD22B17600A0093A19A /* BroadcastPlannerTests */ = {
			isa = PBXGroup;
			children = (
				29656CD32B17600A0093A19A /* BroadcastPlannerTests.swift */,
			);
			path = BroadcastPlannerTests;
			sourceTree = "<group>";
		};
		297EC56C2ACC50FA009BB06C /* AddCameraView */ = {
			isa = PBXGroup;
			children = (
				297EC56D2ACC5116009BB06C /* AddCameraView.swift */,
				29C82BDF2AD7BF030056A998 /* AddCameraViewModel.swift */,
			);
			path = AddCameraView;
			sourceTree = "<group>";
		};
		298932662AE24D5700BD93CA /* Error */ = {
			isa = PBXGroup;
			children = (
				298932672AE24D7000BD93CA /* BPError.swift */,
			);
			path = Error;
			sourceTree = "<group>";
		};
		29C041B32AC556CE008B3E1F = {
			isa = PBXGroup;
			children = (
				2955C9622B4B8C8C003F9ADC /* Localizable.xcstrings */,
				29C041BE2AC556CE008B3E1F /* BroadcastPlanner */,
				29656CD22B17600A0093A19A /* BroadcastPlannerTests */,
				299805FC2B2057DE00B01C33 /* BroadcastPlanner.xctestplan */,
				29C041BD2AC556CE008B3E1F /* Products */,
			);
			sourceTree = "<group>";
		};
		29C041BD2AC556CE008B3E1F /* Products */ = {
			isa = PBXGroup;
			children = (
				29C041BC2AC556CE008B3E1F /* BroadcastPlanner.app */,
				29656CD12B17600A0093A19A /* BroadcastPlannerTests.xctest */,
			);
			name = Products;
			sourceTree = "<group>";
		};
		29C041BE2AC556CE008B3E1F /* BroadcastPlanner */ = {
			isa = PBXGroup;
			children = (
				294D97A82B3CD38600057F70 /* GoogleService-Info.plist */,
				29C041BF2AC556CE008B3E1F /* BroadcastPlannerApp.swift */,
				29C041E42AC69976008B3E1F /* Screens */,
				29C041CE2AC557D1008B3E1F /* Models */,
				29C041D92AC561F2008B3E1F /* Components */,
				29C041E02AC69864008B3E1F /* Utilities */,
				29C041C32AC556D2008B3E1F /* Assets.xcassets */,
				29C041C52AC556D2008B3E1F /* BroadcastPlanner.entitlements */,
				29C041C62AC556D2008B3E1F /* Preview Content */,
			);
			path = BroadcastPlanner;
			sourceTree = "<group>";
		};
		29C041C62AC556D2008B3E1F /* Preview Content */ = {
			isa = PBXGroup;
			children = (
				29C041C72AC556D2008B3E1F /* Preview Assets.xcassets */,
			);
			path = "Preview Content";
			sourceTree = "<group>";
		};
		29C041CE2AC557D1008B3E1F /* Models */ = {
			isa = PBXGroup;
			children = (
				29C041E82AC69A5D008B3E1F /* MockData.swift */,
				297EC5682ACC2DD0009BB06C /* Storage.swift */,
				29C041D12AC55C7A008B3E1F /* Event.swift */,
				29C041CF2AC557E0008B3E1F /* BPUser.swift */,
				290B81692AD7F00000B858F1 /* Camera */,
				29C041D52AC55D11008B3E1F /* Broadcaster.swift */,
				29C041D72AC55D4A008B3E1F /* Stadium.swift */,
				29FFDAB12ADA7F6F005AD50F /* Sport.swift */,
				2955C9812B57C1BE003F9ADC /* AuthDataResultModel.swift */,
				290FF3B42B5E5E180096D655 /* GlobalStorage.swift */,
			);
			path = Models;
			sourceTree = "<group>";
		};
		29C041D92AC561F2008B3E1F /* Components */ = {
			isa = PBXGroup;
			children = (
				2955C96B2B4ECADA003F9ADC /* Views */,
				290B81762AD91FF200B858F1 /* Modifiers */,
				29FFDAB62ADBC2C3005AD50F /* Backgrounds */,
				29FFDAAB2AD945DA005AD50F /* MainEventList */,
				290B81712AD8473300B858F1 /* StadiumViews */,
				29C041DC2AC56AE8008B3E1F /* EventInfoView.swift */,
				29C041DE2AC5B133008B3E1F /* CameraView.swift */,
				29C041F92ACC0BE7008B3E1F /* CameraList */,
			);
			path = Components;
			sourceTree = "<group>";
		};
		29C041E02AC69864008B3E1F /* Utilities */ = {
			isa = PBXGroup;
			children = (
				2955C9752B4FECC5003F9ADC /* Authentication */,
				298932662AE24D5700BD93CA /* Error */,
				29C041F02ACBF443008B3E1F /* Extensions */,
				290B81732AD9148200B858F1 /* Motion */,
				29C041E12AC69872008B3E1F /* Network */,
			);
			path = Utilities;
			sourceTree = "<group>";
		};
		29C041E12AC69872008B3E1F /* Network */ = {
			isa = PBXGroup;
			children = (
				29C041E22AC6988B008B3E1F /* NetworkManager.swift */,
			);
			path = Network;
			sourceTree = "<group>";
		};
		29C041E42AC69976008B3E1F /* Screens */ = {
			isa = PBXGroup;
			children = (
				2955C9722B4EE737003F9ADC /* StarterScreen.swift */,
				2955C9712B4EE717003F9ADC /* MainTab */,
				2955C9682B4E4157003F9ADC /* AuthenticationScreen */,
				2955C97A2B5186FD003F9ADC /* SettingsScreen */,
			);
			path = Screens;
			sourceTree = "<group>";
		};
		29C041E52AC6997C008B3E1F /* EventMainScreen */ = {
			isa = PBXGroup;
			children = (
				297EC56C2ACC50FA009BB06C /* AddCameraView */,
				29C041C12AC556CE008B3E1F /* EventMainView.swift */,
				29C041EC2ACBE96D008B3E1F /* EventMainViewModel.swift */,
			);
			path = EventMainScreen;
			sourceTree = "<group>";
		};
		29C041F02ACBF443008B3E1F /* Extensions */ = {
			isa = PBXGroup;
			children = (
				29C041F12ACBF45B008B3E1F /* Color+Ext.swift */,
			);
			path = Extensions;
			sourceTree = "<group>";
		};
		29C041F92ACC0BE7008B3E1F /* CameraList */ = {
			isa = PBXGroup;
			children = (
				29C041F52ACC0AE2008B3E1F /* CameraListView.swift */,
				29C041F72ACC0AFC008B3E1F /* CameraListCellView.swift */,
			);
			path = CameraList;
			sourceTree = "<group>";
		};
		29FFDAAB2AD945DA005AD50F /* MainEventList */ = {
			isa = PBXGroup;
			children = (
				29FFDAAC2AD945EC005AD50F /* MainEventListCell.swift */,
			);
			path = MainEventList;
			sourceTree = "<group>";
		};
		29FFDAAE2ADA55F8005AD50F /* AddEventView */ = {
			isa = PBXGroup;
			children = (
				29FFDAAF2ADA560E005AD50F /* AddEventView.swift */,
			);
			path = AddEventView;
			sourceTree = "<group>";
		};
		29FFDAB62ADBC2C3005AD50F /* Backgrounds */ = {
			isa = PBXGroup;
			children = (
				29FFDAB72ADBC2F1005AD50F /* BackgroundTabItem.swift */,
			);
			path = Backgrounds;
			sourceTree = "<group>";
		};
/* End PBXGroup section */

/* Begin PBXNativeTarget section */
		29656CD02B17600A0093A19A /* BroadcastPlannerTests */ = {
			isa = PBXNativeTarget;
			buildConfigurationList = 29656CD92B17600A0093A19A /* Build configuration list for PBXNativeTarget "BroadcastPlannerTests" */;
			buildPhases = (
				29656CCD2B17600A0093A19A /* Sources */,
				29656CCE2B17600A0093A19A /* Frameworks */,
				29656CCF2B17600A0093A19A /* Resources */,
			);
			buildRules = (
			);
			dependencies = (
				29656CD62B17600A0093A19A /* PBXTargetDependency */,
			);
			name = BroadcastPlannerTests;
			productName = BroadcastPlannerTests;
			productReference = 29656CD12B17600A0093A19A /* BroadcastPlannerTests.xctest */;
			productType = "com.apple.product-type.bundle.unit-test";
		};
		29C041BB2AC556CE008B3E1F /* BroadcastPlanner */ = {
			isa = PBXNativeTarget;
			buildConfigurationList = 29C041CB2AC556D2008B3E1F /* Build configuration list for PBXNativeTarget "BroadcastPlanner" */;
			buildPhases = (
				29C041B82AC556CE008B3E1F /* Sources */,
				29C041B92AC556CE008B3E1F /* Frameworks */,
				29C041BA2AC556CE008B3E1F /* Resources */,
			);
			buildRules = (
			);
			dependencies = (
			);
			name = BroadcastPlanner;
			packageProductDependencies = (
				294D97A62B3B2AEC00057F70 /* FirebaseAuth */,
			);
			productName = BroadcastPlanner;
			productReference = 29C041BC2AC556CE008B3E1F /* BroadcastPlanner.app */;
			productType = "com.apple.product-type.application";
		};
/* End PBXNativeTarget section */

/* Begin PBXProject section */
		29C041B42AC556CE008B3E1F /* Project object */ = {
			isa = PBXProject;
			attributes = {
				BuildIndependentTargetsInParallel = 1;
				LastSwiftUpdateCheck = 1500;
				LastUpgradeCheck = 1510;
				TargetAttributes = {
					29656CD02B17600A0093A19A = {
						CreatedOnToolsVersion = 15.0;
						TestTargetID = 29C041BB2AC556CE008B3E1F;
					};
					29C041BB2AC556CE008B3E1F = {
						CreatedOnToolsVersion = 15.0;
					};
				};
			};
			buildConfigurationList = 29C041B72AC556CE008B3E1F /* Build configuration list for PBXProject "BroadcastPlanner" */;
			compatibilityVersion = "Xcode 14.0";
			developmentRegion = en;
			hasScannedForEncodings = 0;
			knownRegions = (
				en,
				Base,
			);
			mainGroup = 29C041B32AC556CE008B3E1F;
			packageReferences = (
				294D97A52B3B2AEC00057F70 /* XCRemoteSwiftPackageReference "firebase-ios-sdk" */,
			);
			productRefGroup = 29C041BD2AC556CE008B3E1F /* Products */;
			projectDirPath = "";
			projectRoot = "";
			targets = (
				29C041BB2AC556CE008B3E1F /* BroadcastPlanner */,
				29656CD02B17600A0093A19A /* BroadcastPlannerTests */,
			);
		};
/* End PBXProject section */

/* Begin PBXResourcesBuildPhase section */
		29656CCF2B17600A0093A19A /* Resources */ = {
			isa = PBXResourcesBuildPhase;
			buildActionMask = 2147483647;
			files = (
			);
			runOnlyForDeploymentPostprocessing = 0;
		};
		29C041BA2AC556CE008B3E1F /* Resources */ = {
			isa = PBXResourcesBuildPhase;
			buildActionMask = 2147483647;
			files = (
				29C041C82AC556D2008B3E1F /* Preview Assets.xcassets in Resources */,
				29C041C42AC556D2008B3E1F /* Assets.xcassets in Resources */,
				2955C9632B4B8C8C003F9ADC /* Localizable.xcstrings in Resources */,
				294D97A92B3CD38700057F70 /* GoogleService-Info.plist in Resources */,
			);
			runOnlyForDeploymentPostprocessing = 0;
		};
/* End PBXResourcesBuildPhase section */

/* Begin PBXSourcesBuildPhase section */
		29656CCD2B17600A0093A19A /* Sources */ = {
			isa = PBXSourcesBuildPhase;
			buildActionMask = 2147483647;
			files = (
				29656CD42B17600A0093A19A /* BroadcastPlannerTests.swift in Sources */,
			);
			runOnlyForDeploymentPostprocessing = 0;
		};
		29C041B82AC556CE008B3E1F /* Sources */ = {
			isa = PBXSourcesBuildPhase;
			buildActionMask = 2147483647;
			files = (
				29C041ED2ACBE96D008B3E1F /* EventMainViewModel.swift in Sources */,
				290B81752AD9149800B858F1 /* MotionManager.swift in Sources */,
				2955C9822B57C1BE003F9ADC /* AuthDataResultModel.swift in Sources */,
				29C041D82AC55D4A008B3E1F /* Stadium.swift in Sources */,
				29C041D22AC55C7A008B3E1F /* Event.swift in Sources */,
				29C041F22ACBF45B008B3E1F /* Color+Ext.swift in Sources */,
				2955C96F2B4EDB15003F9ADC /* BPButtonLargeStyle.swift in Sources */,
				29C041E92AC69A5D008B3E1F /* MockData.swift in Sources */,
				297EC56E2ACC5116009BB06C /* AddCameraView.swift in Sources */,
				290B81702AD7FCE700B858F1 /* MainEventsList.swift in Sources */,
				29C041DF2AC5B133008B3E1F /* CameraView.swift in Sources */,
				297EC5692ACC2DD0009BB06C /* Storage.swift in Sources */,
				29C82BE02AD7BF030056A998 /* AddCameraViewModel.swift in Sources */,
				29FFDAB82ADBC2F1005AD50F /* BackgroundTabItem.swift in Sources */,
				29C041E32AC6988B008B3E1F /* NetworkManager.swift in Sources */,
				2955C9772B4FECDE003F9ADC /* AuthenticationManager.swift in Sources */,
				298932682AE24D7000BD93CA /* BPError.swift in Sources */,
				290FF3B32B5E56AD0096D655 /* AuthViewManager.swift in Sources */,
				29C041D62AC55D11008B3E1F /* Broadcaster.swift in Sources */,
				2955C96A2B4E416D003F9ADC /* AuthenticationScreen.swift in Sources */,
				290FF3B52B5E5E180096D655 /* GlobalStorage.swift in Sources */,
				2955C9732B4EE737003F9ADC /* StarterScreen.swift in Sources */,
				297EC5732AD3E6D8009BB06C /* SingleCameraStadiumView.swift in Sources */,
				29C041F82ACC0AFD008B3E1F /* CameraListCellView.swift in Sources */,
				29FFDAAD2AD945EC005AD50F /* MainEventListCell.swift in Sources */,
				2955C9792B50FDEF003F9ADC /* SignUpView.swift in Sources */,
				29C041C22AC556CE008B3E1F /* EventMainView.swift in Sources */,
				29C041DD2AC56AE8008B3E1F /* EventInfoView.swift in Sources */,
				29C041F62ACC0AE2008B3E1F /* CameraListView.swift in Sources */,
				2955C96D2B4ECB05003F9ADC /* BPTextFieldWithIcon.swift in Sources */,
				29C041E72AC69A11008B3E1F /* Camera.swift in Sources */,
				290FF3B72B5E90240096D655 /* BPErrorView.swift in Sources */,
				29FFDAB02ADA560E005AD50F /* AddEventView.swift in Sources */,
				290B816D2AD7F03900B858F1 /* CameraPosition.swift in Sources */,
				29C041C02AC556CE008B3E1F /* BroadcastPlannerApp.swift in Sources */,
				29C041EB2ACBE4CC008B3E1F /* MainTabView.swift in Sources */,
				29C041DB2AC5620A008B3E1F /* StadiumView.swift in Sources */,
				290B816B2AD7F01100B858F1 /* CameraDirection.swift in Sources */,
				29FFDAB22ADA7F6F005AD50F /* Sport.swift in Sources */,
				29C041D02AC557E1008B3E1F /* BPUser.swift in Sources */,
				2955C97C2B518715003F9ADC /* SettingsView.swift in Sources */,
			);
			runOnlyForDeploymentPostprocessing = 0;
		};
/* End PBXSourcesBuildPhase section */

/* Begin PBXTargetDependency section */
		29656CD62B17600A0093A19A /* PBXTargetDependency */ = {
			isa = PBXTargetDependency;
			target = 29C041BB2AC556CE008B3E1F /* BroadcastPlanner */;
			targetProxy = 29656CD52B17600A0093A19A /* PBXContainerItemProxy */;
		};
/* End PBXTargetDependency section */

/* Begin XCBuildConfiguration section */
		29656CD72B17600A0093A19A /* Debug */ = {
			isa = XCBuildConfiguration;
			buildSettings = {
				BUNDLE_LOADER = "$(TEST_HOST)";
				"CODE_SIGN_IDENTITY[sdk=macosx*]" = "-";
				CODE_SIGN_STYLE = Manual;
				CURRENT_PROJECT_VERSION = 1;
				DEVELOPMENT_TEAM = "";
				GENERATE_INFOPLIST_FILE = YES;
				IPHONEOS_DEPLOYMENT_TARGET = 17.0;
				MARKETING_VERSION = 1.0;
				PRODUCT_BUNDLE_IDENTIFIER = com.maksymmiliaiev.BroadcastPlannerTests;
				PRODUCT_NAME = "$(TARGET_NAME)";
				PROVISIONING_PROFILE_SPECIFIER = "";
				SDKROOT = iphoneos;
				SWIFT_EMIT_LOC_STRINGS = NO;
				SWIFT_VERSION = 5.0;
				TARGETED_DEVICE_FAMILY = "1,2";
				TEST_HOST = "$(BUILT_PRODUCTS_DIR)/BroadcastPlanner.app/$(BUNDLE_EXECUTABLE_FOLDER_PATH)/BroadcastPlanner";
			};
			name = Debug;
		};
		29656CD82B17600A0093A19A /* Release */ = {
			isa = XCBuildConfiguration;
			buildSettings = {
				BUNDLE_LOADER = "$(TEST_HOST)";
				"CODE_SIGN_IDENTITY[sdk=macosx*]" = "-";
				CODE_SIGN_STYLE = Manual;
				CURRENT_PROJECT_VERSION = 1;
				DEVELOPMENT_TEAM = "";
				GENERATE_INFOPLIST_FILE = YES;
				IPHONEOS_DEPLOYMENT_TARGET = 17.0;
				MARKETING_VERSION = 1.0;
				PRODUCT_BUNDLE_IDENTIFIER = com.maksymmiliaiev.BroadcastPlannerTests;
				PRODUCT_NAME = "$(TARGET_NAME)";
				PROVISIONING_PROFILE_SPECIFIER = "";
				SDKROOT = iphoneos;
				SWIFT_EMIT_LOC_STRINGS = NO;
				SWIFT_VERSION = 5.0;
				TARGETED_DEVICE_FAMILY = "1,2";
				TEST_HOST = "$(BUILT_PRODUCTS_DIR)/BroadcastPlanner.app/$(BUNDLE_EXECUTABLE_FOLDER_PATH)/BroadcastPlanner";
				VALIDATE_PRODUCT = YES;
			};
			name = Release;
		};
		29C041C92AC556D2008B3E1F /* Debug */ = {
			isa = XCBuildConfiguration;
			buildSettings = {
				ALWAYS_SEARCH_USER_PATHS = NO;
				ASSETCATALOG_COMPILER_GENERATE_SWIFT_ASSET_SYMBOL_EXTENSIONS = YES;
				CLANG_ANALYZER_NONNULL = YES;
				CLANG_ANALYZER_NUMBER_OBJECT_CONVERSION = YES_AGGRESSIVE;
				CLANG_CXX_LANGUAGE_STANDARD = "gnu++20";
				CLANG_ENABLE_MODULES = YES;
				CLANG_ENABLE_OBJC_ARC = YES;
				CLANG_ENABLE_OBJC_WEAK = YES;
				CLANG_WARN_BLOCK_CAPTURE_AUTORELEASING = YES;
				CLANG_WARN_BOOL_CONVERSION = YES;
				CLANG_WARN_COMMA = YES;
				CLANG_WARN_CONSTANT_CONVERSION = YES;
				CLANG_WARN_DEPRECATED_OBJC_IMPLEMENTATIONS = YES;
				CLANG_WARN_DIRECT_OBJC_ISA_USAGE = YES_ERROR;
				CLANG_WARN_DOCUMENTATION_COMMENTS = YES;
				CLANG_WARN_EMPTY_BODY = YES;
				CLANG_WARN_ENUM_CONVERSION = YES;
				CLANG_WARN_INFINITE_RECURSION = YES;
				CLANG_WARN_INT_CONVERSION = YES;
				CLANG_WARN_NON_LITERAL_NULL_CONVERSION = YES;
				CLANG_WARN_OBJC_IMPLICIT_RETAIN_SELF = YES;
				CLANG_WARN_OBJC_LITERAL_CONVERSION = YES;
				CLANG_WARN_OBJC_ROOT_CLASS = YES_ERROR;
				CLANG_WARN_QUOTED_INCLUDE_IN_FRAMEWORK_HEADER = YES;
				CLANG_WARN_RANGE_LOOP_ANALYSIS = YES;
				CLANG_WARN_STRICT_PROTOTYPES = YES;
				CLANG_WARN_SUSPICIOUS_MOVE = YES;
				CLANG_WARN_UNGUARDED_AVAILABILITY = YES_AGGRESSIVE;
				CLANG_WARN_UNREACHABLE_CODE = YES;
				CLANG_WARN__DUPLICATE_METHOD_MATCH = YES;
				COPY_PHASE_STRIP = NO;
				DEAD_CODE_STRIPPING = YES;
				DEBUG_INFORMATION_FORMAT = dwarf;
				ENABLE_STRICT_OBJC_MSGSEND = YES;
				ENABLE_TESTABILITY = YES;
				ENABLE_USER_SCRIPT_SANDBOXING = YES;
				GCC_C_LANGUAGE_STANDARD = gnu17;
				GCC_DYNAMIC_NO_PIC = NO;
				GCC_NO_COMMON_BLOCKS = YES;
				GCC_OPTIMIZATION_LEVEL = 0;
				GCC_PREPROCESSOR_DEFINITIONS = (
					"DEBUG=1",
					"$(inherited)",
				);
				GCC_WARN_64_TO_32_BIT_CONVERSION = YES;
				GCC_WARN_ABOUT_RETURN_TYPE = YES_ERROR;
				GCC_WARN_UNDECLARED_SELECTOR = YES;
				GCC_WARN_UNINITIALIZED_AUTOS = YES_AGGRESSIVE;
				GCC_WARN_UNUSED_FUNCTION = YES;
				GCC_WARN_UNUSED_VARIABLE = YES;
				LOCALIZATION_PREFERS_STRING_CATALOGS = YES;
				MTL_ENABLE_DEBUG_INFO = INCLUDE_SOURCE;
				MTL_FAST_MATH = YES;
				ONLY_ACTIVE_ARCH = YES;
				SWIFT_ACTIVE_COMPILATION_CONDITIONS = "DEBUG $(inherited)";
				SWIFT_OPTIMIZATION_LEVEL = "-Onone";
			};
			name = Debug;
		};
		29C041CA2AC556D2008B3E1F /* Release */ = {
			isa = XCBuildConfiguration;
			buildSettings = {
				ALWAYS_SEARCH_USER_PATHS = NO;
				ASSETCATALOG_COMPILER_GENERATE_SWIFT_ASSET_SYMBOL_EXTENSIONS = YES;
				CLANG_ANALYZER_NONNULL = YES;
				CLANG_ANALYZER_NUMBER_OBJECT_CONVERSION = YES_AGGRESSIVE;
				CLANG_CXX_LANGUAGE_STANDARD = "gnu++20";
				CLANG_ENABLE_MODULES = YES;
				CLANG_ENABLE_OBJC_ARC = YES;
				CLANG_ENABLE_OBJC_WEAK = YES;
				CLANG_WARN_BLOCK_CAPTURE_AUTORELEASING = YES;
				CLANG_WARN_BOOL_CONVERSION = YES;
				CLANG_WARN_COMMA = YES;
				CLANG_WARN_CONSTANT_CONVERSION = YES;
				CLANG_WARN_DEPRECATED_OBJC_IMPLEMENTATIONS = YES;
				CLANG_WARN_DIRECT_OBJC_ISA_USAGE = YES_ERROR;
				CLANG_WARN_DOCUMENTATION_COMMENTS = YES;
				CLANG_WARN_EMPTY_BODY = YES;
				CLANG_WARN_ENUM_CONVERSION = YES;
				CLANG_WARN_INFINITE_RECURSION = YES;
				CLANG_WARN_INT_CONVERSION = YES;
				CLANG_WARN_NON_LITERAL_NULL_CONVERSION = YES;
				CLANG_WARN_OBJC_IMPLICIT_RETAIN_SELF = YES;
				CLANG_WARN_OBJC_LITERAL_CONVERSION = YES;
				CLANG_WARN_OBJC_ROOT_CLASS = YES_ERROR;
				CLANG_WARN_QUOTED_INCLUDE_IN_FRAMEWORK_HEADER = YES;
				CLANG_WARN_RANGE_LOOP_ANALYSIS = YES;
				CLANG_WARN_STRICT_PROTOTYPES = YES;
				CLANG_WARN_SUSPICIOUS_MOVE = YES;
				CLANG_WARN_UNGUARDED_AVAILABILITY = YES_AGGRESSIVE;
				CLANG_WARN_UNREACHABLE_CODE = YES;
				CLANG_WARN__DUPLICATE_METHOD_MATCH = YES;
				COPY_PHASE_STRIP = NO;
				DEAD_CODE_STRIPPING = YES;
				DEBUG_INFORMATION_FORMAT = "dwarf-with-dsym";
				ENABLE_NS_ASSERTIONS = NO;
				ENABLE_STRICT_OBJC_MSGSEND = YES;
				ENABLE_USER_SCRIPT_SANDBOXING = YES;
				GCC_C_LANGUAGE_STANDARD = gnu17;
				GCC_NO_COMMON_BLOCKS = YES;
				GCC_WARN_64_TO_32_BIT_CONVERSION = YES;
				GCC_WARN_ABOUT_RETURN_TYPE = YES_ERROR;
				GCC_WARN_UNDECLARED_SELECTOR = YES;
				GCC_WARN_UNINITIALIZED_AUTOS = YES_AGGRESSIVE;
				GCC_WARN_UNUSED_FUNCTION = YES;
				GCC_WARN_UNUSED_VARIABLE = YES;
				LOCALIZATION_PREFERS_STRING_CATALOGS = YES;
				MTL_ENABLE_DEBUG_INFO = NO;
				MTL_FAST_MATH = YES;
				SWIFT_COMPILATION_MODE = wholemodule;
			};
			name = Release;
		};
		29C041CC2AC556D2008B3E1F /* Debug */ = {
			isa = XCBuildConfiguration;
			buildSettings = {
				ASSETCATALOG_COMPILER_APPICON_NAME = AppIcon;
				ASSETCATALOG_COMPILER_GLOBAL_ACCENT_COLOR_NAME = AccentColor;
				CODE_SIGN_ENTITLEMENTS = BroadcastPlanner/BroadcastPlanner.entitlements;
				CODE_SIGN_STYLE = Automatic;
				CURRENT_PROJECT_VERSION = 1;
				DEAD_CODE_STRIPPING = YES;
				DEVELOPMENT_ASSET_PATHS = "\"BroadcastPlanner/Preview Content\"";
				DEVELOPMENT_TEAM = 32A46KSFC5;
				ENABLE_HARDENED_RUNTIME = YES;
				ENABLE_PREVIEWS = YES;
				GENERATE_INFOPLIST_FILE = YES;
				"INFOPLIST_KEY_UIApplicationSceneManifest_Generation[sdk=iphoneos*]" = YES;
				"INFOPLIST_KEY_UIApplicationSceneManifest_Generation[sdk=iphonesimulator*]" = YES;
				"INFOPLIST_KEY_UIApplicationSupportsIndirectInputEvents[sdk=iphoneos*]" = YES;
				"INFOPLIST_KEY_UIApplicationSupportsIndirectInputEvents[sdk=iphonesimulator*]" = YES;
				"INFOPLIST_KEY_UILaunchScreen_Generation[sdk=iphoneos*]" = YES;
				"INFOPLIST_KEY_UILaunchScreen_Generation[sdk=iphonesimulator*]" = YES;
				"INFOPLIST_KEY_UIStatusBarStyle[sdk=iphoneos*]" = UIStatusBarStyleDefault;
				"INFOPLIST_KEY_UIStatusBarStyle[sdk=iphonesimulator*]" = UIStatusBarStyleDefault;
				INFOPLIST_KEY_UISupportedInterfaceOrientations = UIInterfaceOrientationPortrait;
				IPHONEOS_DEPLOYMENT_TARGET = 16.0;
				LD_RUNPATH_SEARCH_PATHS = "@executable_path/Frameworks";
				"LD_RUNPATH_SEARCH_PATHS[sdk=macosx*]" = "@executable_path/../Frameworks";
				MACOSX_DEPLOYMENT_TARGET = 13.6;
				MARKETING_VERSION = 1.0;
				PRODUCT_BUNDLE_IDENTIFIER = com.maksymmiliaiev.BroadcastPlanner;
				PRODUCT_NAME = "$(TARGET_NAME)";
				SDKROOT = auto;
				SUPPORTED_PLATFORMS = "iphoneos iphonesimulator macosx";
				SWIFT_EMIT_LOC_STRINGS = YES;
				SWIFT_VERSION = 5.0;
				TARGETED_DEVICE_FAMILY = "1,2";
			};
			name = Debug;
		};
		29C041CD2AC556D2008B3E1F /* Release */ = {
			isa = XCBuildConfiguration;
			buildSettings = {
				ASSETCATALOG_COMPILER_APPICON_NAME = AppIcon;
				ASSETCATALOG_COMPILER_GLOBAL_ACCENT_COLOR_NAME = AccentColor;
				CODE_SIGN_ENTITLEMENTS = BroadcastPlanner/BroadcastPlanner.entitlements;
				CODE_SIGN_STYLE = Automatic;
				CURRENT_PROJECT_VERSION = 1;
				DEAD_CODE_STRIPPING = YES;
				DEVELOPMENT_ASSET_PATHS = "\"BroadcastPlanner/Preview Content\"";
				DEVELOPMENT_TEAM = 32A46KSFC5;
				ENABLE_HARDENED_RUNTIME = YES;
				ENABLE_PREVIEWS = YES;
				GENERATE_INFOPLIST_FILE = YES;
				"INFOPLIST_KEY_UIApplicationSceneManifest_Generation[sdk=iphoneos*]" = YES;
				"INFOPLIST_KEY_UIApplicationSceneManifest_Generation[sdk=iphonesimulator*]" = YES;
				"INFOPLIST_KEY_UIApplicationSupportsIndirectInputEvents[sdk=iphoneos*]" = YES;
				"INFOPLIST_KEY_UIApplicationSupportsIndirectInputEvents[sdk=iphonesimulator*]" = YES;
				"INFOPLIST_KEY_UILaunchScreen_Generation[sdk=iphoneos*]" = YES;
				"INFOPLIST_KEY_UILaunchScreen_Generation[sdk=iphonesimulator*]" = YES;
				"INFOPLIST_KEY_UIStatusBarStyle[sdk=iphoneos*]" = UIStatusBarStyleDefault;
				"INFOPLIST_KEY_UIStatusBarStyle[sdk=iphonesimulator*]" = UIStatusBarStyleDefault;
				INFOPLIST_KEY_UISupportedInterfaceOrientations = UIInterfaceOrientationPortrait;
				IPHONEOS_DEPLOYMENT_TARGET = 16.0;
				LD_RUNPATH_SEARCH_PATHS = "@executable_path/Frameworks";
				"LD_RUNPATH_SEARCH_PATHS[sdk=macosx*]" = "@executable_path/../Frameworks";
				MACOSX_DEPLOYMENT_TARGET = 13.6;
				MARKETING_VERSION = 1.0;
				PRODUCT_BUNDLE_IDENTIFIER = com.maksymmiliaiev.BroadcastPlanner;
				PRODUCT_NAME = "$(TARGET_NAME)";
				SDKROOT = auto;
				SUPPORTED_PLATFORMS = "iphoneos iphonesimulator macosx";
				SWIFT_EMIT_LOC_STRINGS = YES;
				SWIFT_VERSION = 5.0;
				TARGETED_DEVICE_FAMILY = "1,2";
			};
			name = Release;
		};
/* End XCBuildConfiguration section */

/* Begin XCConfigurationList section */
		29656CD92B17600A0093A19A /* Build configuration list for PBXNativeTarget "BroadcastPlannerTests" */ = {
			isa = XCConfigurationList;
			buildConfigurations = (
				29656CD72B17600A0093A19A /* Debug */,
				29656CD82B17600A0093A19A /* Release */,
			);
			defaultConfigurationIsVisible = 0;
			defaultConfigurationName = Release;
		};
		29C041B72AC556CE008B3E1F /* Build configuration list for PBXProject "BroadcastPlanner" */ = {
			isa = XCConfigurationList;
			buildConfigurations = (
				29C041C92AC556D2008B3E1F /* Debug */,
				29C041CA2AC556D2008B3E1F /* Release */,
			);
			defaultConfigurationIsVisible = 0;
			defaultConfigurationName = Release;
		};
		29C041CB2AC556D2008B3E1F /* Build configuration list for PBXNativeTarget "BroadcastPlanner" */ = {
			isa = XCConfigurationList;
			buildConfigurations = (
				29C041CC2AC556D2008B3E1F /* Debug */,
				29C041CD2AC556D2008B3E1F /* Release */,
			);
			defaultConfigurationIsVisible = 0;
			defaultConfigurationName = Release;
		};
/* End XCConfigurationList section */

/* Begin XCRemoteSwiftPackageReference section */
		294D97A52B3B2AEC00057F70 /* XCRemoteSwiftPackageReference "firebase-ios-sdk" */ = {
			isa = XCRemoteSwiftPackageReference;
			repositoryURL = "https://github.com/firebase/firebase-ios-sdk.git";
			requirement = {
				kind = upToNextMajorVersion;
				minimumVersion = 10.19.1;
			};
		};
/* End XCRemoteSwiftPackageReference section */

/* Begin XCSwiftPackageProductDependency section */
		294D97A62B3B2AEC00057F70 /* FirebaseAuth */ = {
			isa = XCSwiftPackageProductDependency;
			package = 294D97A52B3B2AEC00057F70 /* XCRemoteSwiftPackageReference "firebase-ios-sdk" */;
			productName = FirebaseAuth;
		};
/* End XCSwiftPackageProductDependency section */
	};
	rootObject = 29C041B42AC556CE008B3E1F /* Project object */;
}
