// !$*UTF8*$!
{
	archiveVersion = 1;
	classes = {
	};
	objectVersion = 70;
	objects = {

/* Begin PBXBuildFile section */
		290056C62C37DF6400CBA472 /* BPUserDataListCellView.swift in Sources */ = {isa = PBXBuildFile; fileRef = 290056C52C37DF6400CBA472 /* BPUserDataListCellView.swift */; };
		290B81702AD7FCE700B858F1 /* MainEventsList.swift in Sources */ = {isa = PBXBuildFile; fileRef = 290B816F2AD7FCE700B858F1 /* MainEventsList.swift */; };
		290B81752AD9149800B858F1 /* MotionManager.swift in Sources */ = {isa = PBXBuildFile; fileRef = 290B81742AD9149800B858F1 /* MotionManager.swift */; };
		290F598A2CE63006002EAA4A /* PersonalScreenViewModel.swift in Sources */ = {isa = PBXBuildFile; fileRef = 290F59892CE63006002EAA4A /* PersonalScreenViewModel.swift */; };
		290FF3B72B5E90240096D655 /* BPErrorView.swift in Sources */ = {isa = PBXBuildFile; fileRef = 290FF3B62B5E90240096D655 /* BPErrorView.swift */; };
		2915AD1C2BF4A2AA0038239A /* BPUserProfileView.swift in Sources */ = {isa = PBXBuildFile; fileRef = 2915AD1B2BF4A2AA0038239A /* BPUserProfileView.swift */; };
		2916E60B2C4E85400025DCC6 /* BPEditEventControlPanel.swift in Sources */ = {isa = PBXBuildFile; fileRef = 2916E60A2C4E85400025DCC6 /* BPEditEventControlPanel.swift */; };
		2916E60E2C4E875B0025DCC6 /* BPPlanDelegateProtocol.swift in Sources */ = {isa = PBXBuildFile; fileRef = 2916E60D2C4E875B0025DCC6 /* BPPlanDelegateProtocol.swift */; };
		2916E6262C57C3930025DCC6 /* Home.swift in Sources */ = {isa = PBXBuildFile; fileRef = 2916E6252C57C3930025DCC6 /* Home.swift */; };
		2916E62C2C58B83E0025DCC6 /* AnimatedStart.swift in Sources */ = {isa = PBXBuildFile; fileRef = 2916E62B2C58B83E0025DCC6 /* AnimatedStart.swift */; };
		291CDA542DDCB2CB00724F53 /* DividerWithText.swift in Sources */ = {isa = PBXBuildFile; fileRef = 291CDA532DDCB2CB00724F53 /* DividerWithText.swift */; };
		291CDA582DDCD78100724F53 /* PointEditPublishType.swift in Sources */ = {isa = PBXBuildFile; fileRef = 291CDA572DDCD78100724F53 /* PointEditPublishType.swift */; };
		291CDA5C2DDF3CF900724F53 /* SelectableModifier.swift in Sources */ = {isa = PBXBuildFile; fileRef = 291CDA5B2DDF3CF800724F53 /* SelectableModifier.swift */; };
		291E72C32BBE859F008092D7 /* BPMessengerView.swift in Sources */ = {isa = PBXBuildFile; fileRef = 291E72C22BBE859F008092D7 /* BPMessengerView.swift */; };
		291E72C92BBEC7B0008092D7 /* UserSpecialization.swift in Sources */ = {isa = PBXBuildFile; fileRef = 291E72C82BBEC7B0008092D7 /* UserSpecialization.swift */; };
		291E72CB2BBEDF23008092D7 /* BPAccountInfoView.swift in Sources */ = {isa = PBXBuildFile; fileRef = 291E72CA2BBEDF23008092D7 /* BPAccountInfoView.swift */; };
		291E72CF2BBEEBDD008092D7 /* BPSpecializationCellView.swift in Sources */ = {isa = PBXBuildFile; fileRef = 291E72CE2BBEEBDD008092D7 /* BPSpecializationCellView.swift */; };
		291EB4EE2DBFB22500FCDA75 /* FirebaseDatabase in Frameworks */ = {isa = PBXBuildFile; productRef = 291EB4ED2DBFB22500FCDA75 /* FirebaseDatabase */; };
		291EB4F02DBFB22500FCDA75 /* FirebaseDatabaseSwift in Frameworks */ = {isa = PBXBuildFile; productRef = 291EB4EF2DBFB22500FCDA75 /* FirebaseDatabaseSwift */; };
		292D664E2BD7998A009A2187 /* AnyContentView.swift in Sources */ = {isa = PBXBuildFile; fileRef = 292D66442BD79989009A2187 /* AnyContentView.swift */; };
		292D664F2BD7998A009A2187 /* SmartLayout.swift in Sources */ = {isa = PBXBuildFile; fileRef = 292D66452BD79989009A2187 /* SmartLayout.swift */; };
		293752AA2BF8CD950044924D /* BPEventFilterCaseTabView.swift in Sources */ = {isa = PBXBuildFile; fileRef = 293752A92BF8CD950044924D /* BPEventFilterCaseTabView.swift */; };
		29389C3C2B8EE62F003EF60C /* UIKit+ext.swift in Sources */ = {isa = PBXBuildFile; fileRef = 29389C3B2B8EE62F003EF60C /* UIKit+ext.swift */; };
		29418D922C6CCDAE007CC6F3 /* FiltersEnums.swift in Sources */ = {isa = PBXBuildFile; fileRef = 29418D912C6CCDAE007CC6F3 /* FiltersEnums.swift */; };
		29476C072DACE975007DFA88 /* SpecializationSection.swift in Sources */ = {isa = PBXBuildFile; fileRef = 29476C062DACE975007DFA88 /* SpecializationSection.swift */; };
		29476C0F2DACF89F007DFA88 /* CameraPosition.swift in Sources */ = {isa = PBXBuildFile; fileRef = 29476C0E2DACF89F007DFA88 /* CameraPosition.swift */; };
		29476C112DACF8E7007DFA88 /* OpticType.swift in Sources */ = {isa = PBXBuildFile; fileRef = 29476C102DACF8E7007DFA88 /* OpticType.swift */; };
		29476C132DACF904007DFA88 /* HardwareType.swift in Sources */ = {isa = PBXBuildFile; fileRef = 29476C122DACF904007DFA88 /* HardwareType.swift */; };
		29476C172DACFAF4007DFA88 /* LightType.swift in Sources */ = {isa = PBXBuildFile; fileRef = 29476C162DACFAF4007DFA88 /* LightType.swift */; };
		29476C192DACFC52007DFA88 /* WindDefence.swift in Sources */ = {isa = PBXBuildFile; fileRef = 29476C182DACFC52007DFA88 /* WindDefence.swift */; };
		29476C1B2DACFC5B007DFA88 /* PlaceType.swift in Sources */ = {isa = PBXBuildFile; fileRef = 29476C1A2DACFC5B007DFA88 /* PlaceType.swift */; };
		294D97A72B3B2AEC00057F70 /* FirebaseAuth in Frameworks */ = {isa = PBXBuildFile; productRef = 294D97A62B3B2AEC00057F70 /* FirebaseAuth */; };
		29553BFB2B9073C100C7FE6A /* FirebaseFirestore in Frameworks */ = {isa = PBXBuildFile; productRef = 29553BFA2B9073C100C7FE6A /* FirebaseFirestore */; };
		29553BFD2B9073C100C7FE6A /* FirebaseFirestoreCombine-Community in Frameworks */ = {isa = PBXBuildFile; productRef = 29553BFC2B9073C100C7FE6A /* FirebaseFirestoreCombine-Community */; };
		29553BFF2B9073C100C7FE6A /* FirebaseFirestoreSwift in Frameworks */ = {isa = PBXBuildFile; productRef = 29553BFE2B9073C100C7FE6A /* FirebaseFirestoreSwift */; };
		2955C9632B4B8C8C003F9ADC /* Localizable.xcstrings in Resources */ = {isa = PBXBuildFile; fileRef = 2955C9622B4B8C8C003F9ADC /* Localizable.xcstrings */; };
		2955C96A2B4E416D003F9ADC /* AuthenticationScreen.swift in Sources */ = {isa = PBXBuildFile; fileRef = 2955C9692B4E416D003F9ADC /* AuthenticationScreen.swift */; };
		2955C96D2B4ECB05003F9ADC /* BPTextFieldWithIcon.swift in Sources */ = {isa = PBXBuildFile; fileRef = 2955C96C2B4ECB05003F9ADC /* BPTextFieldWithIcon.swift */; };
		2955C9792B50FDEF003F9ADC /* SignUpView.swift in Sources */ = {isa = PBXBuildFile; fileRef = 2955C9782B50FDEF003F9ADC /* SignUpView.swift */; };
		2955C97C2B518715003F9ADC /* SettingsView.swift in Sources */ = {isa = PBXBuildFile; fileRef = 2955C97B2B518714003F9ADC /* SettingsView.swift */; };
		2955C9822B57C1BE003F9ADC /* SessionModel.swift in Sources */ = {isa = PBXBuildFile; fileRef = 2955C9812B57C1BE003F9ADC /* SessionModel.swift */; };
		295943292C64EA8700C2B27C /* BPDateFormater.swift in Sources */ = {isa = PBXBuildFile; fileRef = 295943282C64EA8700C2B27C /* BPDateFormater.swift */; };
		295C871E2DD38997003B01B0 /* BroadcastStatus.swift in Sources */ = {isa = PBXBuildFile; fileRef = 295C871D2DD38997003B01B0 /* BroadcastStatus.swift */; };
		295C87202DD47B5B003B01B0 /* ExploreEventView.swift in Sources */ = {isa = PBXBuildFile; fileRef = 295C871F2DD47B5B003B01B0 /* ExploreEventView.swift */; };
		2963DDC12C8758A10030DAC6 /* EventUsersGridView.swift in Sources */ = {isa = PBXBuildFile; fileRef = 2963DDC02C8758A10030DAC6 /* EventUsersGridView.swift */; };
		2963DDC32C8848F00030DAC6 /* BPEditStadiumViewModel.swift in Sources */ = {isa = PBXBuildFile; fileRef = 2963DDC22C8848F00030DAC6 /* BPEditStadiumViewModel.swift */; };
		2967DF192B61109B003956FD /* UpdateEPView.swift in Sources */ = {isa = PBXBuildFile; fileRef = 2967DF182B61109B003956FD /* UpdateEPView.swift */; };
		2967DF1B2B639A90003956FD /* Error+Modifier.swift in Sources */ = {isa = PBXBuildFile; fileRef = 2967DF1A2B639A90003956FD /* Error+Modifier.swift */; };
		2967DF212B64F69B003956FD /* KeyboardAdaptiveModifier.swift in Sources */ = {isa = PBXBuildFile; fileRef = 2967DF202B64F69B003956FD /* KeyboardAdaptiveModifier.swift */; };
		297507BE2C9426B400E58091 /* SaveEditControlPanelView.swift in Sources */ = {isa = PBXBuildFile; fileRef = 297507BD2C9426B400E58091 /* SaveEditControlPanelView.swift */; };
		29778E242C0B85FC006EF6CE /* BPResetPasswordView.swift in Sources */ = {isa = PBXBuildFile; fileRef = 29778E232C0B85FC006EF6CE /* BPResetPasswordView.swift */; };
		298270D02E000F8B00899CF1 /* SwiftUINavigationTransitions in Frameworks */ = {isa = PBXBuildFile; productRef = 298270CF2E000F8B00899CF1 /* SwiftUINavigationTransitions */; };
		298270D22E000FA100899CF1 /* UIKitNavigationTransitions in Frameworks */ = {isa = PBXBuildFile; productRef = 298270D12E000FA100899CF1 /* UIKitNavigationTransitions */; };
		298932682AE24D7000BD93CA /* BPError.swift in Sources */ = {isa = PBXBuildFile; fileRef = 298932672AE24D7000BD93CA /* BPError.swift */; };
		299190292C8A064400D2CDDC /* String+Ext.swift in Sources */ = {isa = PBXBuildFile; fileRef = 299190282C8A064400D2CDDC /* String+Ext.swift */; };
		299277982B7629FD00B8F892 /* GoogleService-Info.plist in Resources */ = {isa = PBXBuildFile; fileRef = 299277972B7629FD00B8F892 /* GoogleService-Info.plist */; };
		2994DE672C157C9F00DF9060 /* BroadcastEditView.swift in Sources */ = {isa = PBXBuildFile; fileRef = 2994DE662C157C9F00DF9060 /* BroadcastEditView.swift */; };
		2994DE6E2C16F18E00DF9060 /* BPJoystick.swift in Sources */ = {isa = PBXBuildFile; fileRef = 2994DE6D2C16F18D00DF9060 /* BPJoystick.swift */; };
		299B45642DE04B6A000D1F4B /* LocationEditPublishType.swift in Sources */ = {isa = PBXBuildFile; fileRef = 299B45632DE04B6A000D1F4B /* LocationEditPublishType.swift */; };
		299D43882D2E880F007EEEFE /* DataManager.swift in Sources */ = {isa = PBXBuildFile; fileRef = 299D436B2D2E880F007EEEFE /* DataManager.swift */; };
		299D43A52D365A49007EEEFE /* EventPointInfoPanelView.swift in Sources */ = {isa = PBXBuildFile; fileRef = 299D43A42D365A49007EEEFE /* EventPointInfoPanelView.swift */; };
		299D43C72D38F925007EEEFE /* MainDataManager.swift in Sources */ = {isa = PBXBuildFile; fileRef = 299D43C62D38F925007EEEFE /* MainDataManager.swift */; };
		29AE68742BE24F9300DE8FAB /* Chat.swift in Sources */ = {isa = PBXBuildFile; fileRef = 29AE68732BE24F9300DE8FAB /* Chat.swift */; };
		29AE68762BE24F9A00DE8FAB /* Message.swift in Sources */ = {isa = PBXBuildFile; fileRef = 29AE68752BE24F9A00DE8FAB /* Message.swift */; };
		29C041C02AC556CE008B3E1F /* BroadcastPlannerApp.swift in Sources */ = {isa = PBXBuildFile; fileRef = 29C041BF2AC556CE008B3E1F /* BroadcastPlannerApp.swift */; };
		29C041C42AC556D2008B3E1F /* Assets.xcassets in Resources */ = {isa = PBXBuildFile; fileRef = 29C041C32AC556D2008B3E1F /* Assets.xcassets */; };
		29C041C82AC556D2008B3E1F /* Preview Assets.xcassets in Resources */ = {isa = PBXBuildFile; fileRef = 29C041C72AC556D2008B3E1F /* Preview Assets.xcassets */; };
		29C041F22ACBF45B008B3E1F /* Color+Ext.swift in Sources */ = {isa = PBXBuildFile; fileRef = 29C041F12ACBF45B008B3E1F /* Color+Ext.swift */; };
		29C8F9472CC24FD000A7D5D2 /* UserInfoTextField.swift in Sources */ = {isa = PBXBuildFile; fileRef = 29C8F9462CC24FD000A7D5D2 /* UserInfoTextField.swift */; };
		29CA68442DA4034300460EFE /* LocationPreview.swift in Sources */ = {isa = PBXBuildFile; fileRef = 29CA68432DA4034300460EFE /* LocationPreview.swift */; };
		29CA68462DA40B1E00460EFE /* LocationCell.swift in Sources */ = {isa = PBXBuildFile; fileRef = 29CA68452DA40B1E00460EFE /* LocationCell.swift */; };
		29CB0F642C98B24E003B30C4 /* CarUnitEnableCellView.swift in Sources */ = {isa = PBXBuildFile; fileRef = 29CB0F632C98B24E003B30C4 /* CarUnitEnableCellView.swift */; };
		29CB0F662C9A9BDE003B30C4 /* CarUnitCellView.swift in Sources */ = {isa = PBXBuildFile; fileRef = 29CB0F652C9A9BDE003B30C4 /* CarUnitCellView.swift */; };
		29CCF2EC2C807FE000BCEF34 /* SessionManager.swift in Sources */ = {isa = PBXBuildFile; fileRef = 29CCF2EB2C807FE000BCEF34 /* SessionManager.swift */; };
		29CCF2F12C80895100BCEF34 /* EmailPasswordStackView.swift in Sources */ = {isa = PBXBuildFile; fileRef = 29CCF2F02C80895100BCEF34 /* EmailPasswordStackView.swift */; };
		29D1697A2B85D4F800A70638 /* HaptickEngine.swift in Sources */ = {isa = PBXBuildFile; fileRef = 29D169792B85D4F800A70638 /* HaptickEngine.swift */; };
		29D169802B86188B00A70638 /* BPValidator.swift in Sources */ = {isa = PBXBuildFile; fileRef = 29D1697F2B86188B00A70638 /* BPValidator.swift */; };
		29E10F5A2C1AF8B300A35A4B /* FirebaseStorage in Frameworks */ = {isa = PBXBuildFile; productRef = 29E10F592C1AF8B300A35A4B /* FirebaseStorage */; };
		29E10F642C21696B00A35A4B /* GlobalSettings.swift in Sources */ = {isa = PBXBuildFile; fileRef = 29E10F632C21696B00A35A4B /* GlobalSettings.swift */; };
		29E10F662C2169C400A35A4B /* GlobalProperties.swift in Sources */ = {isa = PBXBuildFile; fileRef = 29E10F652C2169C400A35A4B /* GlobalProperties.swift */; };
		29EBCDEE2B762C5A00696C25 /* GoogleSignIn in Frameworks */ = {isa = PBXBuildFile; productRef = 29EBCDED2B762C5A00696C25 /* GoogleSignIn */; };
		29EBCDF02B762C5A00696C25 /* GoogleSignInSwift in Frameworks */ = {isa = PBXBuildFile; productRef = 29EBCDEF2B762C5A00696C25 /* GoogleSignInSwift */; };
		29F42B5A2B88BBE70024B764 /* WelcomeFlowScreen.swift in Sources */ = {isa = PBXBuildFile; fileRef = 29F42B592B88BBE70024B764 /* WelcomeFlowScreen.swift */; };
		29F7CF102CA14BA9009C303E /* Date+Ext.swift in Sources */ = {isa = PBXBuildFile; fileRef = 29F7CF0F2CA14BA9009C303E /* Date+Ext.swift */; };
		29F7CF122CA15861009C303E /* View+Ext.swift in Sources */ = {isa = PBXBuildFile; fileRef = 29F7CF112CA15861009C303E /* View+Ext.swift */; };
		29FFDAB82ADBC2F1005AD50F /* MainBackground.swift in Sources */ = {isa = PBXBuildFile; fileRef = 29FFDAB72ADBC2F1005AD50F /* MainBackground.swift */; };
/* End PBXBuildFile section */

/* Begin PBXContainerItemProxy section */
		29B505C02CB6B3C9003A1E3F /* PBXContainerItemProxy */ = {
			isa = PBXContainerItemProxy;
			containerPortal = 29C041B42AC556CE008B3E1F /* Project object */;
			proxyType = 1;
			remoteGlobalIDString = 29C041BB2AC556CE008B3E1F;
			remoteInfo = BroadcastPlanner;
		};
/* End PBXContainerItemProxy section */

/* Begin PBXFileReference section */
		290056C52C37DF6400CBA472 /* BPUserDataListCellView.swift */ = {isa = PBXFileReference; lastKnownFileType = sourcecode.swift; path = BPUserDataListCellView.swift; sourceTree = "<group>"; };
		290B816F2AD7FCE700B858F1 /* MainEventsList.swift */ = {isa = PBXFileReference; lastKnownFileType = sourcecode.swift; path = MainEventsList.swift; sourceTree = "<group>"; };
		290B81742AD9149800B858F1 /* MotionManager.swift */ = {isa = PBXFileReference; lastKnownFileType = sourcecode.swift; path = MotionManager.swift; sourceTree = "<group>"; };
		290F59892CE63006002EAA4A /* PersonalScreenViewModel.swift */ = {isa = PBXFileReference; lastKnownFileType = sourcecode.swift; path = PersonalScreenViewModel.swift; sourceTree = "<group>"; };
		290FF3B62B5E90240096D655 /* BPErrorView.swift */ = {isa = PBXFileReference; lastKnownFileType = sourcecode.swift; path = BPErrorView.swift; sourceTree = "<group>"; };
		2915AD1B2BF4A2AA0038239A /* BPUserProfileView.swift */ = {isa = PBXFileReference; lastKnownFileType = sourcecode.swift; path = BPUserProfileView.swift; sourceTree = "<group>"; };
		2916E60A2C4E85400025DCC6 /* BPEditEventControlPanel.swift */ = {isa = PBXFileReference; lastKnownFileType = sourcecode.swift; path = BPEditEventControlPanel.swift; sourceTree = "<group>"; };
		2916E60D2C4E875B0025DCC6 /* BPPlanDelegateProtocol.swift */ = {isa = PBXFileReference; lastKnownFileType = sourcecode.swift; path = BPPlanDelegateProtocol.swift; sourceTree = "<group>"; };
		2916E6252C57C3930025DCC6 /* Home.swift */ = {isa = PBXFileReference; lastKnownFileType = sourcecode.swift; path = Home.swift; sourceTree = "<group>"; };
		2916E62B2C58B83E0025DCC6 /* AnimatedStart.swift */ = {isa = PBXFileReference; lastKnownFileType = sourcecode.swift; path = AnimatedStart.swift; sourceTree = "<group>"; };
		291CDA532DDCB2CB00724F53 /* DividerWithText.swift */ = {isa = PBXFileReference; lastKnownFileType = sourcecode.swift; path = DividerWithText.swift; sourceTree = "<group>"; };
		291CDA572DDCD78100724F53 /* PointEditPublishType.swift */ = {isa = PBXFileReference; lastKnownFileType = sourcecode.swift; path = PointEditPublishType.swift; sourceTree = "<group>"; };
		291CDA5B2DDF3CF800724F53 /* SelectableModifier.swift */ = {isa = PBXFileReference; lastKnownFileType = sourcecode.swift; path = SelectableModifier.swift; sourceTree = "<group>"; };
		291E72C22BBE859F008092D7 /* BPMessengerView.swift */ = {isa = PBXFileReference; lastKnownFileType = sourcecode.swift; path = BPMessengerView.swift; sourceTree = "<group>"; };
		291E72C82BBEC7B0008092D7 /* UserSpecialization.swift */ = {isa = PBXFileReference; lastKnownFileType = sourcecode.swift; path = UserSpecialization.swift; sourceTree = "<group>"; };
		291E72CA2BBEDF23008092D7 /* BPAccountInfoView.swift */ = {isa = PBXFileReference; lastKnownFileType = sourcecode.swift; path = BPAccountInfoView.swift; sourceTree = "<group>"; };
		291E72CE2BBEEBDD008092D7 /* BPSpecializationCellView.swift */ = {isa = PBXFileReference; lastKnownFileType = sourcecode.swift; path = BPSpecializationCellView.swift; sourceTree = "<group>"; };
		292D66442BD79989009A2187 /* AnyContentView.swift */ = {isa = PBXFileReference; fileEncoding = 4; lastKnownFileType = sourcecode.swift; path = AnyContentView.swift; sourceTree = "<group>"; };
		292D66452BD79989009A2187 /* SmartLayout.swift */ = {isa = PBXFileReference; fileEncoding = 4; lastKnownFileType = sourcecode.swift; path = SmartLayout.swift; sourceTree = "<group>"; };
		293752A92BF8CD950044924D /* BPEventFilterCaseTabView.swift */ = {isa = PBXFileReference; lastKnownFileType = sourcecode.swift; path = BPEventFilterCaseTabView.swift; sourceTree = "<group>"; };
		29389C3B2B8EE62F003EF60C /* UIKit+ext.swift */ = {isa = PBXFileReference; lastKnownFileType = sourcecode.swift; path = "UIKit+ext.swift"; sourceTree = "<group>"; };
		29418D912C6CCDAE007CC6F3 /* FiltersEnums.swift */ = {isa = PBXFileReference; lastKnownFileType = sourcecode.swift; path = FiltersEnums.swift; sourceTree = "<group>"; };
		29476C062DACE975007DFA88 /* SpecializationSection.swift */ = {isa = PBXFileReference; lastKnownFileType = sourcecode.swift; path = SpecializationSection.swift; sourceTree = "<group>"; };
		29476C0E2DACF89F007DFA88 /* CameraPosition.swift */ = {isa = PBXFileReference; lastKnownFileType = sourcecode.swift; path = CameraPosition.swift; sourceTree = "<group>"; };
		29476C102DACF8E7007DFA88 /* OpticType.swift */ = {isa = PBXFileReference; lastKnownFileType = sourcecode.swift; path = OpticType.swift; sourceTree = "<group>"; };
		29476C122DACF904007DFA88 /* HardwareType.swift */ = {isa = PBXFileReference; lastKnownFileType = sourcecode.swift; path = HardwareType.swift; sourceTree = "<group>"; };
		29476C162DACFAF4007DFA88 /* LightType.swift */ = {isa = PBXFileReference; lastKnownFileType = sourcecode.swift; path = LightType.swift; sourceTree = "<group>"; };
		29476C182DACFC52007DFA88 /* WindDefence.swift */ = {isa = PBXFileReference; lastKnownFileType = sourcecode.swift; path = WindDefence.swift; sourceTree = "<group>"; };
		29476C1A2DACFC5B007DFA88 /* PlaceType.swift */ = {isa = PBXFileReference; lastKnownFileType = sourcecode.swift; path = PlaceType.swift; sourceTree = "<group>"; };
		2955C9622B4B8C8C003F9ADC /* Localizable.xcstrings */ = {isa = PBXFileReference; lastKnownFileType = text.json.xcstrings; path = Localizable.xcstrings; sourceTree = "<group>"; };
		2955C9692B4E416D003F9ADC /* AuthenticationScreen.swift */ = {isa = PBXFileReference; lastKnownFileType = sourcecode.swift; path = AuthenticationScreen.swift; sourceTree = "<group>"; };
		2955C96C2B4ECB05003F9ADC /* BPTextFieldWithIcon.swift */ = {isa = PBXFileReference; lastKnownFileType = sourcecode.swift; path = BPTextFieldWithIcon.swift; sourceTree = "<group>"; };
		2955C9782B50FDEF003F9ADC /* SignUpView.swift */ = {isa = PBXFileReference; lastKnownFileType = sourcecode.swift; path = SignUpView.swift; sourceTree = "<group>"; };
		2955C97B2B518714003F9ADC /* SettingsView.swift */ = {isa = PBXFileReference; lastKnownFileType = sourcecode.swift; path = SettingsView.swift; sourceTree = "<group>"; };
		2955C9812B57C1BE003F9ADC /* SessionModel.swift */ = {isa = PBXFileReference; lastKnownFileType = sourcecode.swift; path = SessionModel.swift; sourceTree = "<group>"; };
		295943282C64EA8700C2B27C /* BPDateFormater.swift */ = {isa = PBXFileReference; lastKnownFileType = sourcecode.swift; path = BPDateFormater.swift; sourceTree = "<group>"; };
		295C871D2DD38997003B01B0 /* BroadcastStatus.swift */ = {isa = PBXFileReference; lastKnownFileType = sourcecode.swift; path = BroadcastStatus.swift; sourceTree = "<group>"; };
		295C871F2DD47B5B003B01B0 /* ExploreEventView.swift */ = {isa = PBXFileReference; lastKnownFileType = sourcecode.swift; path = ExploreEventView.swift; sourceTree = "<group>"; };
		2963DDC02C8758A10030DAC6 /* EventUsersGridView.swift */ = {isa = PBXFileReference; lastKnownFileType = sourcecode.swift; path = EventUsersGridView.swift; sourceTree = "<group>"; };
		2963DDC22C8848F00030DAC6 /* BPEditStadiumViewModel.swift */ = {isa = PBXFileReference; lastKnownFileType = sourcecode.swift; path = BPEditStadiumViewModel.swift; sourceTree = "<group>"; };
		2967DF182B61109B003956FD /* UpdateEPView.swift */ = {isa = PBXFileReference; lastKnownFileType = sourcecode.swift; path = UpdateEPView.swift; sourceTree = "<group>"; };
		2967DF1A2B639A90003956FD /* Error+Modifier.swift */ = {isa = PBXFileReference; lastKnownFileType = sourcecode.swift; path = "Error+Modifier.swift"; sourceTree = "<group>"; };
		2967DF202B64F69B003956FD /* KeyboardAdaptiveModifier.swift */ = {isa = PBXFileReference; lastKnownFileType = sourcecode.swift; path = KeyboardAdaptiveModifier.swift; sourceTree = "<group>"; };
		297507BD2C9426B400E58091 /* SaveEditControlPanelView.swift */ = {isa = PBXFileReference; lastKnownFileType = sourcecode.swift; path = SaveEditControlPanelView.swift; sourceTree = "<group>"; };
		29778E232C0B85FC006EF6CE /* BPResetPasswordView.swift */ = {isa = PBXFileReference; lastKnownFileType = sourcecode.swift; path = BPResetPasswordView.swift; sourceTree = "<group>"; };
		298932672AE24D7000BD93CA /* BPError.swift */ = {isa = PBXFileReference; lastKnownFileType = sourcecode.swift; path = BPError.swift; sourceTree = "<group>"; };
		299190282C8A064400D2CDDC /* String+Ext.swift */ = {isa = PBXFileReference; lastKnownFileType = sourcecode.swift; path = "String+Ext.swift"; sourceTree = "<group>"; };
		299277972B7629FD00B8F892 /* GoogleService-Info.plist */ = {isa = PBXFileReference; fileEncoding = 4; lastKnownFileType = text.plist.xml; path = "GoogleService-Info.plist"; sourceTree = "<group>"; };
		299277992B762A4100B8F892 /* Info.plist */ = {isa = PBXFileReference; lastKnownFileType = text.plist; path = Info.plist; sourceTree = "<group>"; };
		2994DE662C157C9F00DF9060 /* BroadcastEditView.swift */ = {isa = PBXFileReference; lastKnownFileType = sourcecode.swift; path = BroadcastEditView.swift; sourceTree = "<group>"; };
		2994DE6D2C16F18D00DF9060 /* BPJoystick.swift */ = {isa = PBXFileReference; lastKnownFileType = sourcecode.swift; path = BPJoystick.swift; sourceTree = "<group>"; };
		299B45632DE04B6A000D1F4B /* LocationEditPublishType.swift */ = {isa = PBXFileReference; lastKnownFileType = sourcecode.swift; path = LocationEditPublishType.swift; sourceTree = "<group>"; };
		299D436B2D2E880F007EEEFE /* DataManager.swift */ = {isa = PBXFileReference; lastKnownFileType = sourcecode.swift; name = DataManager.swift; path = BroadcastPlanner/Utilities/Managers/DataManager.swift; sourceTree = SOURCE_ROOT; };
		299D43A42D365A49007EEEFE /* EventPointInfoPanelView.swift */ = {isa = PBXFileReference; lastKnownFileType = sourcecode.swift; path = EventPointInfoPanelView.swift; sourceTree = "<group>"; };
		299D43C62D38F925007EEEFE /* MainDataManager.swift */ = {isa = PBXFileReference; lastKnownFileType = sourcecode.swift; path = MainDataManager.swift; sourceTree = "<group>"; };
		29AE68732BE24F9300DE8FAB /* Chat.swift */ = {isa = PBXFileReference; lastKnownFileType = sourcecode.swift; path = Chat.swift; sourceTree = "<group>"; };
		29AE68752BE24F9A00DE8FAB /* Message.swift */ = {isa = PBXFileReference; lastKnownFileType = sourcecode.swift; path = Message.swift; sourceTree = "<group>"; };
		29B505BC2CB6B3C9003A1E3F /* BroadcastPlannerUnitTests.xctest */ = {isa = PBXFileReference; explicitFileType = wrapper.cfbundle; includeInIndex = 0; path = BroadcastPlannerUnitTests.xctest; sourceTree = BUILT_PRODUCTS_DIR; };
		29C041BC2AC556CE008B3E1F /* BroadcastPlanner.app */ = {isa = PBXFileReference; explicitFileType = wrapper.application; includeInIndex = 0; path = BroadcastPlanner.app; sourceTree = BUILT_PRODUCTS_DIR; };
		29C041BF2AC556CE008B3E1F /* BroadcastPlannerApp.swift */ = {isa = PBXFileReference; lastKnownFileType = sourcecode.swift; path = BroadcastPlannerApp.swift; sourceTree = "<group>"; };
		29C041C32AC556D2008B3E1F /* Assets.xcassets */ = {isa = PBXFileReference; lastKnownFileType = folder.assetcatalog; path = Assets.xcassets; sourceTree = "<group>"; };
		29C041C52AC556D2008B3E1F /* BroadcastPlanner.entitlements */ = {isa = PBXFileReference; lastKnownFileType = text.plist.entitlements; path = BroadcastPlanner.entitlements; sourceTree = "<group>"; };
		29C041C72AC556D2008B3E1F /* Preview Assets.xcassets */ = {isa = PBXFileReference; lastKnownFileType = folder.assetcatalog; path = "Preview Assets.xcassets"; sourceTree = "<group>"; };
		29C041F12ACBF45B008B3E1F /* Color+Ext.swift */ = {isa = PBXFileReference; lastKnownFileType = sourcecode.swift; path = "Color+Ext.swift"; sourceTree = "<group>"; };
		29C8F9462CC24FD000A7D5D2 /* UserInfoTextField.swift */ = {isa = PBXFileReference; lastKnownFileType = sourcecode.swift; path = UserInfoTextField.swift; sourceTree = "<group>"; };
		29CA68432DA4034300460EFE /* LocationPreview.swift */ = {isa = PBXFileReference; lastKnownFileType = sourcecode.swift; path = LocationPreview.swift; sourceTree = "<group>"; };
		29CA68452DA40B1E00460EFE /* LocationCell.swift */ = {isa = PBXFileReference; lastKnownFileType = sourcecode.swift; path = LocationCell.swift; sourceTree = "<group>"; };
		29CB0F632C98B24E003B30C4 /* CarUnitEnableCellView.swift */ = {isa = PBXFileReference; lastKnownFileType = sourcecode.swift; path = CarUnitEnableCellView.swift; sourceTree = "<group>"; };
		29CB0F652C9A9BDE003B30C4 /* CarUnitCellView.swift */ = {isa = PBXFileReference; lastKnownFileType = sourcecode.swift; path = CarUnitCellView.swift; sourceTree = "<group>"; };
		29CCF2EB2C807FE000BCEF34 /* SessionManager.swift */ = {isa = PBXFileReference; lastKnownFileType = sourcecode.swift; path = SessionManager.swift; sourceTree = "<group>"; };
		29CCF2F02C80895100BCEF34 /* EmailPasswordStackView.swift */ = {isa = PBXFileReference; lastKnownFileType = sourcecode.swift; path = EmailPasswordStackView.swift; sourceTree = "<group>"; };
		29D169792B85D4F800A70638 /* HaptickEngine.swift */ = {isa = PBXFileReference; lastKnownFileType = sourcecode.swift; path = HaptickEngine.swift; sourceTree = "<group>"; };
		29D1697F2B86188B00A70638 /* BPValidator.swift */ = {isa = PBXFileReference; lastKnownFileType = sourcecode.swift; path = BPValidator.swift; sourceTree = "<group>"; };
		29E10F632C21696B00A35A4B /* GlobalSettings.swift */ = {isa = PBXFileReference; lastKnownFileType = sourcecode.swift; path = GlobalSettings.swift; sourceTree = "<group>"; };
		29E10F652C2169C400A35A4B /* GlobalProperties.swift */ = {isa = PBXFileReference; lastKnownFileType = sourcecode.swift; path = GlobalProperties.swift; sourceTree = "<group>"; };
		29F42B592B88BBE70024B764 /* WelcomeFlowScreen.swift */ = {isa = PBXFileReference; lastKnownFileType = sourcecode.swift; path = WelcomeFlowScreen.swift; sourceTree = "<group>"; };
		29F7CF0F2CA14BA9009C303E /* Date+Ext.swift */ = {isa = PBXFileReference; lastKnownFileType = sourcecode.swift; path = "Date+Ext.swift"; sourceTree = "<group>"; };
		29F7CF112CA15861009C303E /* View+Ext.swift */ = {isa = PBXFileReference; lastKnownFileType = sourcecode.swift; path = "View+Ext.swift"; sourceTree = "<group>"; };
		29FFDAB72ADBC2F1005AD50F /* MainBackground.swift */ = {isa = PBXFileReference; lastKnownFileType = sourcecode.swift; path = MainBackground.swift; sourceTree = "<group>"; };
/* End PBXFileReference section */

/* Begin PBXFileSystemSynchronizedRootGroup section */
		290127A92CCFD5300054B2D7 /* EventHeader */ = {isa = PBXFileSystemSynchronizedRootGroup; explicitFileTypes = {}; explicitFolders = (); path = EventHeader; sourceTree = "<group>"; };
		291D7DC12DEF4D440073A4B1 /* Logger */ = {isa = PBXFileSystemSynchronizedRootGroup; explicitFileTypes = {}; explicitFolders = (); path = Logger; sourceTree = "<group>"; };
		291D7DCD2DF026100073A4B1 /* Network */ = {isa = PBXFileSystemSynchronizedRootGroup; explicitFileTypes = {}; explicitFolders = (); path = Network; sourceTree = "<group>"; };
		291EB4F12DC0AE1900FCDA75 /* NetworkTestScreen */ = {isa = PBXFileSystemSynchronizedRootGroup; explicitFileTypes = {}; explicitFolders = (); path = NetworkTestScreen; sourceTree = "<group>"; };
		292E4C5B2D0C1D8A0046CABA /* Cache */ = {isa = PBXFileSystemSynchronizedRootGroup; explicitFileTypes = {}; explicitFolders = (); path = Cache; sourceTree = "<group>"; };
		292E4C622D0C3E9D0046CABA /* Logo */ = {isa = PBXFileSystemSynchronizedRootGroup; explicitFileTypes = {}; explicitFolders = (); path = Logo; sourceTree = "<group>"; };
		292ED2592E16C41800800C1A /* RootView */ = {isa = PBXFileSystemSynchronizedRootGroup; explicitFileTypes = {}; explicitFolders = (); path = RootView; sourceTree = "<group>"; };
		293C7DEA2D53610300B62960 /* CarEdit */ = {isa = PBXFileSystemSynchronizedRootGroup; explicitFileTypes = {}; explicitFolders = (); path = CarEdit; sourceTree = "<group>"; };
		293C7DEB2D53610B00B62960 /* StadiumEdit */ = {isa = PBXFileSystemSynchronizedRootGroup; explicitFileTypes = {}; explicitFolders = (); path = StadiumEdit; sourceTree = "<group>"; };
		29476BE82DA553B0007DFA88 /* Cells */ = {isa = PBXFileSystemSynchronizedRootGroup; explicitFileTypes = {}; explicitFolders = (); path = Cells; sourceTree = "<group>"; };
		29476C002DACE2A8007DFA88 /* Navigation */ = {isa = PBXFileSystemSynchronizedRootGroup; explicitFileTypes = {}; explicitFolders = (); path = Navigation; sourceTree = "<group>"; };
		295C87232DDB0D5A003B01B0 /* TabViewListGeneric */ = {isa = PBXFileSystemSynchronizedRootGroup; explicitFileTypes = {}; explicitFolders = (); path = TabViewListGeneric; sourceTree = "<group>"; };
		299397A52DFFFEA400E78B59 /* Transitions */ = {isa = PBXFileSystemSynchronizedRootGroup; explicitFileTypes = {}; explicitFolders = (); path = Transitions; sourceTree = "<group>"; };
		299B455E2DE04934000D1F4B /* SelectablesWrappers */ = {isa = PBXFileSystemSynchronizedRootGroup; explicitFileTypes = {}; explicitFolders = (); path = SelectablesWrappers; sourceTree = "<group>"; };
		29AECAE92CEB357C00CAD02C /* ListCell */ = {isa = PBXFileSystemSynchronizedRootGroup; explicitFileTypes = {}; explicitFolders = (); path = ListCell; sourceTree = "<group>"; };
		29B505BD2CB6B3C9003A1E3F /* BroadcastPlannerUnitTests */ = {isa = PBXFileSystemSynchronizedRootGroup; explicitFileTypes = {}; explicitFolders = (); path = BroadcastPlannerUnitTests; sourceTree = "<group>"; };
		29BE3AF42CAD57E600BDEF82 /* Data */ = {isa = PBXFileSystemSynchronizedRootGroup; explicitFileTypes = {}; explicitFolders = (); path = Data; sourceTree = "<group>"; };
		29D8D3B02CEDE589000E4F72 /* Buttons */ = {isa = PBXFileSystemSynchronizedRootGroup; explicitFileTypes = {}; explicitFolders = (); path = Buttons; sourceTree = "<group>"; };
		29E70B942CDE03B9002B826E /* ImageHandle */ = {isa = PBXFileSystemSynchronizedRootGroup; explicitFileTypes = {}; explicitFolders = (); path = ImageHandle; sourceTree = "<group>"; };
		29F7CF132CA158FA009C303E /* DateViews */ = {isa = PBXFileSystemSynchronizedRootGroup; explicitFileTypes = {}; explicitFolders = (); path = DateViews; sourceTree = "<group>"; };
/* End PBXFileSystemSynchronizedRootGroup section */

/* Begin PBXFrameworksBuildPhase section */
		29B505B92CB6B3C9003A1E3F /* Frameworks */ = {
			isa = PBXFrameworksBuildPhase;
			buildActionMask = 2147483647;
			files = (
			);
			runOnlyForDeploymentPostprocessing = 0;
		};
		29C041B92AC556CE008B3E1F /* Frameworks */ = {
			isa = PBXFrameworksBuildPhase;
			buildActionMask = 2147483647;
			files = (
				291EB4F02DBFB22500FCDA75 /* FirebaseDatabaseSwift in Frameworks */,
				29EBCDF02B762C5A00696C25 /* GoogleSignInSwift in Frameworks */,
				294D97A72B3B2AEC00057F70 /* FirebaseAuth in Frameworks */,
				29EBCDEE2B762C5A00696C25 /* GoogleSignIn in Frameworks */,
				29553BFF2B9073C100C7FE6A /* FirebaseFirestoreSwift in Frameworks */,
				298270D02E000F8B00899CF1 /* SwiftUINavigationTransitions in Frameworks */,
				29E10F5A2C1AF8B300A35A4B /* FirebaseStorage in Frameworks */,
				291EB4EE2DBFB22500FCDA75 /* FirebaseDatabase in Frameworks */,
				29553BFD2B9073C100C7FE6A /* FirebaseFirestoreCombine-Community in Frameworks */,
				298270D22E000FA100899CF1 /* UIKitNavigationTransitions in Frameworks */,
				29553BFB2B9073C100C7FE6A /* FirebaseFirestore in Frameworks */,
			);
			runOnlyForDeploymentPostprocessing = 0;
		};
/* End PBXFrameworksBuildPhase section */

/* Begin PBXGroup section */
		290B816E2AD7FCBC00B858F1 /* EventsScreen */ = {
			isa = PBXGroup;
			children = (
				29AECAE92CEB357C00CAD02C /* ListCell */,
				290B816F2AD7FCE700B858F1 /* MainEventsList.swift */,
				2951142F2C4E71FF005E4BF8 /* Event */,
			);
			path = EventsScreen;
			sourceTree = "<group>";
		};
		290B81732AD9148200B858F1 /* Motion */ = {
			isa = PBXGroup;
			children = (
				290B81742AD9149800B858F1 /* MotionManager.swift */,
			);
			path = Motion;
			sourceTree = "<group>";
		};
		290B81762AD91FF200B858F1 /* Modifiers */ = {
			isa = PBXGroup;
			children = (
				2967DF1A2B639A90003956FD /* Error+Modifier.swift */,
				2967DF202B64F69B003956FD /* KeyboardAdaptiveModifier.swift */,
				291CDA5B2DDF3CF800724F53 /* SelectableModifier.swift */,
			);
			path = Modifiers;
			sourceTree = "<group>";
		};
		2915AD172BF34C940038239A /* UserProfileView */ = {
			isa = PBXGroup;
			children = (
				2915AD1B2BF4A2AA0038239A /* BPUserProfileView.swift */,
				290056C52C37DF6400CBA472 /* BPUserDataListCellView.swift */,
			);
			path = UserProfileView;
			sourceTree = "<group>";
		};
		2916E6032C4E79170025DCC6 /* subViews */ = {
			isa = PBXGroup;
			children = (
				299D43A42D365A49007EEEFE /* EventPointInfoPanelView.swift */,
				2916E60A2C4E85400025DCC6 /* BPEditEventControlPanel.swift */,
				297507BD2C9426B400E58091 /* SaveEditControlPanelView.swift */,
			);
			path = subViews;
			sourceTree = "<group>";
		};
		2916E60C2C4E871A0025DCC6 /* Protocols */ = {
			isa = PBXGroup;
			children = (
				2916E60D2C4E875B0025DCC6 /* BPPlanDelegateProtocol.swift */,
			);
			path = Protocols;
			sourceTree = "<group>";
		};
		2916E6192C4F9DE40025DCC6 /* Managers */ = {
			isa = PBXGroup;
			children = (
				291D7DCD2DF026100073A4B1 /* Network */,
				299D43C62D38F925007EEEFE /* MainDataManager.swift */,
				299D436B2D2E880F007EEEFE /* DataManager.swift */,
				29CCF2EB2C807FE000BCEF34 /* SessionManager.swift */,
				295943272C64EA7900C2B27C /* Formaters */,
			);
			path = Managers;
			sourceTree = "<group>";
		};
		291E72C02BBE7139008092D7 /* FlowComponents */ = {
			isa = PBXGroup;
			children = (
			);
			path = FlowComponents;
			sourceTree = "<group>";
		};
		291E72C12BBE8575008092D7 /* MessengerScreen */ = {
			isa = PBXGroup;
			children = (
				291E72C22BBE859F008092D7 /* BPMessengerView.swift */,
			);
			path = MessengerScreen;
			sourceTree = "<group>";
		};
		291E72C42BBE8961008092D7 /* PersonalScreen */ = {
			isa = PBXGroup;
			children = (
				291E72CA2BBEDF23008092D7 /* BPAccountInfoView.swift */,
				290F59892CE63006002EAA4A /* PersonalScreenViewModel.swift */,
			);
			path = PersonalScreen;
			sourceTree = "<group>";
		};
		291E72C72BBEC789008092D7 /* Session */ = {
			isa = PBXGroup;
			children = (
				2955C9812B57C1BE003F9ADC /* SessionModel.swift */,
			);
			path = Session;
			sourceTree = "<group>";
		};
		292D66462BD79989009A2187 /* Layout */ = {
			isa = PBXGroup;
			children = (
				292D66442BD79989009A2187 /* AnyContentView.swift */,
				292D66452BD79989009A2187 /* SmartLayout.swift */,
			);
			path = Layout;
			sourceTree = "<group>";
		};
		29418D902C6CCD8B007CC6F3 /* FilterViews */ = {
			isa = PBXGroup;
			children = (
				293752A92BF8CD950044924D /* BPEventFilterCaseTabView.swift */,
				29418D912C6CCDAE007CC6F3 /* FiltersEnums.swift */,
			);
			path = FilterViews;
			sourceTree = "<group>";
		};
		2951142B2C4E39A3005E4BF8 /* EditFlow */ = {
			isa = PBXGroup;
			children = (
				293C7DEB2D53610B00B62960 /* StadiumEdit */,
				293C7DEA2D53610300B62960 /* CarEdit */,
				2916E6032C4E79170025DCC6 /* subViews */,
			);
			path = EditFlow;
			sourceTree = "<group>";
		};
		2951142E2C4E71A9005E4BF8 /* EditPoints */ = {
			isa = PBXGroup;
			children = (
				2963DDC22C8848F00030DAC6 /* BPEditStadiumViewModel.swift */,
				2951142B2C4E39A3005E4BF8 /* EditFlow */,
			);
			path = EditPoints;
			sourceTree = "<group>";
		};
		2951142F2C4E71FF005E4BF8 /* Event */ = {
			isa = PBXGroup;
			children = (
				2916E60C2C4E871A0025DCC6 /* Protocols */,
				2994DE662C157C9F00DF9060 /* BroadcastEditView.swift */,
				290127A92CCFD5300054B2D7 /* EventHeader */,
				2951142E2C4E71A9005E4BF8 /* EditPoints */,
				295C871F2DD47B5B003B01B0 /* ExploreEventView.swift */,
			);
			path = Event;
			sourceTree = "<group>";
		};
		2955C9682B4E4157003F9ADC /* AuthenticationScreen */ = {
			isa = PBXGroup;
			children = (
				2955C9692B4E416D003F9ADC /* AuthenticationScreen.swift */,
				29778E042C0A36AC006EF6CE /* ForgetPasswordFlow */,
				2955C9702B4EE217003F9ADC /* RegistrationFlow */,
				29F42B582B88B9E70024B764 /* WelcomeFLow */,
			);
			path = AuthenticationScreen;
			sourceTree = "<group>";
		};
		2955C96B2B4ECADA003F9ADC /* ViewsAndViewModels */ = {
			isa = PBXGroup;
			children = (
				299B455E2DE04934000D1F4B /* SelectablesWrappers */,
				291CDA532DDCB2CB00724F53 /* DividerWithText.swift */,
				29476C062DACE975007DFA88 /* SpecializationSection.swift */,
				29476BE82DA553B0007DFA88 /* Cells */,
				29CA68452DA40B1E00460EFE /* LocationCell.swift */,
				29CA68432DA4034300460EFE /* LocationPreview.swift */,
				29D8D3B02CEDE589000E4F72 /* Buttons */,
				29F7CF132CA158FA009C303E /* DateViews */,
				29CCF2EF2C80891100BCEF34 /* AuthenticationGroup */,
				29418D902C6CCD8B007CC6F3 /* FilterViews */,
				292D66462BD79989009A2187 /* Layout */,
				2967DF152B5FD507003956FD /* ErrorViews */,
				2967DF162B5FD585003956FD /* TextFieldViews */,
				2915AD172BF34C940038239A /* UserProfileView */,
				291E72CE2BBEEBDD008092D7 /* BPSpecializationCellView.swift */,
				29D169792B85D4F800A70638 /* HaptickEngine.swift */,
				2994DE6D2C16F18D00DF9060 /* BPJoystick.swift */,
				2963DDC02C8758A10030DAC6 /* EventUsersGridView.swift */,
				29CB0F632C98B24E003B30C4 /* CarUnitEnableCellView.swift */,
				29CB0F652C9A9BDE003B30C4 /* CarUnitCellView.swift */,
			);
			path = ViewsAndViewModels;
			sourceTree = "<group>";
		};
		2955C9702B4EE217003F9ADC /* RegistrationFlow */ = {
			isa = PBXGroup;
			children = (
				2955C9782B50FDEF003F9ADC /* SignUpView.swift */,
			);
			path = RegistrationFlow;
			sourceTree = "<group>";
		};
		2955C9712B4EE717003F9ADC /* MainTab */ = {
			isa = PBXGroup;
			children = (
				291EB4F12DC0AE1900FCDA75 /* NetworkTestScreen */,
				290B816E2AD7FCBC00B858F1 /* EventsScreen */,
				291E72C42BBE8961008092D7 /* PersonalScreen */,
				291E72C12BBE8575008092D7 /* MessengerScreen */,
				2955C97A2B5186FD003F9ADC /* SettingsScreen */,
			);
			path = MainTab;
			sourceTree = "<group>";
		};
		2955C97A2B5186FD003F9ADC /* SettingsScreen */ = {
			isa = PBXGroup;
			children = (
				2967DF172B61101E003956FD /* Change Email and Password Flow */,
				2955C97B2B518714003F9ADC /* SettingsView.swift */,
			);
			path = SettingsScreen;
			sourceTree = "<group>";
		};
		295943272C64EA7900C2B27C /* Formaters */ = {
			isa = PBXGroup;
			children = (
				295943282C64EA8700C2B27C /* BPDateFormater.swift */,
			);
			path = Formaters;
			sourceTree = "<group>";
		};
		2967DF152B5FD507003956FD /* ErrorViews */ = {
			isa = PBXGroup;
			children = (
				290FF3B62B5E90240096D655 /* BPErrorView.swift */,
			);
			path = ErrorViews;
			sourceTree = "<group>";
		};
		2967DF162B5FD585003956FD /* TextFieldViews */ = {
			isa = PBXGroup;
			children = (
				29C8F9462CC24FD000A7D5D2 /* UserInfoTextField.swift */,
				2955C96C2B4ECB05003F9ADC /* BPTextFieldWithIcon.swift */,
			);
			path = TextFieldViews;
			sourceTree = "<group>";
		};
		2967DF172B61101E003956FD /* Change Email and Password Flow */ = {
			isa = PBXGroup;
			children = (
				2967DF182B61109B003956FD /* UpdateEPView.swift */,
			);
			path = "Change Email and Password Flow";
			sourceTree = "<group>";
		};
		29778E042C0A36AC006EF6CE /* ForgetPasswordFlow */ = {
			isa = PBXGroup;
			children = (
				29778E232C0B85FC006EF6CE /* BPResetPasswordView.swift */,
			);
			path = ForgetPasswordFlow;
			sourceTree = "<group>";
		};
		298932662AE24D5700BD93CA /* Error */ = {
			isa = PBXGroup;
			children = (
				298932672AE24D7000BD93CA /* BPError.swift */,
			);
			path = Error;
			sourceTree = "<group>";
		};
		29AE68722BE24F7900DE8FAB /* MessengerGroup */ = {
			isa = PBXGroup;
			children = (
				29AE68732BE24F9300DE8FAB /* Chat.swift */,
				29AE68752BE24F9A00DE8FAB /* Message.swift */,
			);
			path = MessengerGroup;
			sourceTree = "<group>";
		};
		29AE68772BE254DF00DE8FAB /* Core */ = {
			isa = PBXGroup;
			children = (
				299397A52DFFFEA400E78B59 /* Transitions */,
				29476C002DACE2A8007DFA88 /* Navigation */,
				29C041D92AC561F2008B3E1F /* Components */,
				29C041E42AC69976008B3E1F /* Screens */,
			);
			path = Core;
			sourceTree = "<group>";
		};
		29AE68782BE2567D00DE8FAB /* EnvStorageGroup */ = {
			isa = PBXGroup;
			children = (
				29E10F632C21696B00A35A4B /* GlobalSettings.swift */,
				29E10F652C2169C400A35A4B /* GlobalProperties.swift */,
			);
			path = EnvStorageGroup;
			sourceTree = "<group>";
		};
		29C041B32AC556CE008B3E1F = {
			isa = PBXGroup;
			children = (
				299277972B7629FD00B8F892 /* GoogleService-Info.plist */,
				2955C9622B4B8C8C003F9ADC /* Localizable.xcstrings */,
				29C041BE2AC556CE008B3E1F /* BroadcastPlanner */,
				29B505BD2CB6B3C9003A1E3F /* BroadcastPlannerUnitTests */,
				29C041BD2AC556CE008B3E1F /* Products */,
				29EBCDEC2B762C5A00696C25 /* Frameworks */,
			);
			sourceTree = "<group>";
		};
		29C041BD2AC556CE008B3E1F /* Products */ = {
			isa = PBXGroup;
			children = (
				29C041BC2AC556CE008B3E1F /* BroadcastPlanner.app */,
				29B505BC2CB6B3C9003A1E3F /* BroadcastPlannerUnitTests.xctest */,
			);
			name = Products;
			sourceTree = "<group>";
		};
		29C041BE2AC556CE008B3E1F /* BroadcastPlanner */ = {
			isa = PBXGroup;
			children = (
				29C041BF2AC556CE008B3E1F /* BroadcastPlannerApp.swift */,
				29AE68772BE254DF00DE8FAB /* Core */,
				29C041CE2AC557D1008B3E1F /* Models */,
				29C041E02AC69864008B3E1F /* Utilities */,
				29C041C32AC556D2008B3E1F /* Assets.xcassets */,
				29C041C52AC556D2008B3E1F /* BroadcastPlanner.entitlements */,
				299277992B762A4100B8F892 /* Info.plist */,
				29C041C62AC556D2008B3E1F /* Preview Content */,
			);
			path = BroadcastPlanner;
			sourceTree = "<group>";
		};
		29C041C62AC556D2008B3E1F /* Preview Content */ = {
			isa = PBXGroup;
			children = (
				29C041C72AC556D2008B3E1F /* Preview Assets.xcassets */,
			);
			path = "Preview Content";
			sourceTree = "<group>";
		};
		29C041CE2AC557D1008B3E1F /* Models */ = {
			isa = PBXGroup;
			children = (
				295C871D2DD38997003B01B0 /* BroadcastStatus.swift */,
				29BE3AF42CAD57E600BDEF82 /* Data */,
				29AE68782BE2567D00DE8FAB /* EnvStorageGroup */,
				291E72C72BBEC789008092D7 /* Session */,
				29AE68722BE24F7900DE8FAB /* MessengerGroup */,
				29476C122DACF904007DFA88 /* HardwareType.swift */,
				29476C162DACFAF4007DFA88 /* LightType.swift */,
				29476C182DACFC52007DFA88 /* WindDefence.swift */,
				29476C1A2DACFC5B007DFA88 /* PlaceType.swift */,
				29476C0E2DACF89F007DFA88 /* CameraPosition.swift */,
				29476C102DACF8E7007DFA88 /* OpticType.swift */,
				299B45632DE04B6A000D1F4B /* LocationEditPublishType.swift */,
				291CDA572DDCD78100724F53 /* PointEditPublishType.swift */,
				291E72C82BBEC7B0008092D7 /* UserSpecialization.swift */,
			);
			path = Models;
			sourceTree = "<group>";
		};
		29C041D92AC561F2008B3E1F /* Components */ = {
			isa = PBXGroup;
			children = (
				295C87232DDB0D5A003B01B0 /* TabViewListGeneric */,
				2916E62B2C58B83E0025DCC6 /* AnimatedStart.swift */,
				292E4C622D0C3E9D0046CABA /* Logo */,
				2955C96B2B4ECADA003F9ADC /* ViewsAndViewModels */,
				290B81762AD91FF200B858F1 /* Modifiers */,
				29FFDAB62ADBC2C3005AD50F /* Backgrounds */,
			);
			path = Components;
			sourceTree = "<group>";
		};
		29C041E02AC69864008B3E1F /* Utilities */ = {
			isa = PBXGroup;
			children = (
				291D7DC12DEF4D440073A4B1 /* Logger */,
				292E4C5B2D0C1D8A0046CABA /* Cache */,
				29E70B942CDE03B9002B826E /* ImageHandle */,
				2916E6192C4F9DE40025DCC6 /* Managers */,
				29D1697E2B86182900A70638 /* Validators */,
				298932662AE24D5700BD93CA /* Error */,
				29C041F02ACBF443008B3E1F /* Extensions */,
				290B81732AD9148200B858F1 /* Motion */,
			);
			path = Utilities;
			sourceTree = "<group>";
		};
		29C041E42AC69976008B3E1F /* Screens */ = {
			isa = PBXGroup;
			children = (
				292ED2592E16C41800800C1A /* RootView */,
				2955C9712B4EE717003F9ADC /* MainTab */,
				2955C9682B4E4157003F9ADC /* AuthenticationScreen */,
				2916E6252C57C3930025DCC6 /* Home.swift */,
			);
			path = Screens;
			sourceTree = "<group>";
		};
		29C041F02ACBF443008B3E1F /* Extensions */ = {
			isa = PBXGroup;
			children = (
				29C041F12ACBF45B008B3E1F /* Color+Ext.swift */,
				29389C3B2B8EE62F003EF60C /* UIKit+ext.swift */,
				299190282C8A064400D2CDDC /* String+Ext.swift */,
				29F7CF0F2CA14BA9009C303E /* Date+Ext.swift */,
				29F7CF112CA15861009C303E /* View+Ext.swift */,
			);
			path = Extensions;
			sourceTree = "<group>";
		};
		29CCF2EF2C80891100BCEF34 /* AuthenticationGroup */ = {
			isa = PBXGroup;
			children = (
				29CCF2F02C80895100BCEF34 /* EmailPasswordStackView.swift */,
			);
			path = AuthenticationGroup;
			sourceTree = "<group>";
		};
		29D1697E2B86182900A70638 /* Validators */ = {
			isa = PBXGroup;
			children = (
				29D1697F2B86188B00A70638 /* BPValidator.swift */,
			);
			path = Validators;
			sourceTree = "<group>";
		};
		29EBCDEC2B762C5A00696C25 /* Frameworks */ = {
			isa = PBXGroup;
			children = (
			);
			name = Frameworks;
			sourceTree = "<group>";
		};
		29F42B582B88B9E70024B764 /* WelcomeFLow */ = {
			isa = PBXGroup;
			children = (
				29F42B592B88BBE70024B764 /* WelcomeFlowScreen.swift */,
				291E72C02BBE7139008092D7 /* FlowComponents */,
			);
			path = WelcomeFLow;
			sourceTree = "<group>";
		};
		29FFDAB62ADBC2C3005AD50F /* Backgrounds */ = {
			isa = PBXGroup;
			children = (
				29FFDAB72ADBC2F1005AD50F /* MainBackground.swift */,
			);
			path = Backgrounds;
			sourceTree = "<group>";
		};
/* End PBXGroup section */

/* Begin PBXNativeTarget section */
		29B505BB2CB6B3C9003A1E3F /* BroadcastPlannerUnitTests */ = {
			isa = PBXNativeTarget;
			buildConfigurationList = 29B505C22CB6B3C9003A1E3F /* Build configuration list for PBXNativeTarget "BroadcastPlannerUnitTests" */;
			buildPhases = (
				29B505B82CB6B3C9003A1E3F /* Sources */,
				29B505B92CB6B3C9003A1E3F /* Frameworks */,
				29B505BA2CB6B3C9003A1E3F /* Resources */,
			);
			buildRules = (
			);
			dependencies = (
				29B505C12CB6B3C9003A1E3F /* PBXTargetDependency */,
			);
			fileSystemSynchronizedGroups = (
				29B505BD2CB6B3C9003A1E3F /* BroadcastPlannerUnitTests */,
			);
			name = BroadcastPlannerUnitTests;
			packageProductDependencies = (
			);
			productName = BroadcastPlannerUnitTests;
			productReference = 29B505BC2CB6B3C9003A1E3F /* BroadcastPlannerUnitTests.xctest */;
			productType = "com.apple.product-type.bundle.unit-test";
		};
		29C041BB2AC556CE008B3E1F /* BroadcastPlanner */ = {
			isa = PBXNativeTarget;
			buildConfigurationList = 29C041CB2AC556D2008B3E1F /* Build configuration list for PBXNativeTarget "BroadcastPlanner" */;
			buildPhases = (
				29C041B82AC556CE008B3E1F /* Sources */,
				29C041B92AC556CE008B3E1F /* Frameworks */,
				29C041BA2AC556CE008B3E1F /* Resources */,
			);
			buildRules = (
			);
			dependencies = (
			);
			fileSystemSynchronizedGroups = (
				290127A92CCFD5300054B2D7 /* EventHeader */,
				291D7DC12DEF4D440073A4B1 /* Logger */,
				291D7DCD2DF026100073A4B1 /* Network */,
				291EB4F12DC0AE1900FCDA75 /* NetworkTestScreen */,
				292E4C5B2D0C1D8A0046CABA /* Cache */,
				292E4C622D0C3E9D0046CABA /* Logo */,
				292ED2592E16C41800800C1A /* RootView */,
				293C7DEA2D53610300B62960 /* CarEdit */,
				293C7DEB2D53610B00B62960 /* StadiumEdit */,
				29476BE82DA553B0007DFA88 /* Cells */,
				29476C002DACE2A8007DFA88 /* Navigation */,
				295C87232DDB0D5A003B01B0 /* TabViewListGeneric */,
				299397A52DFFFEA400E78B59 /* Transitions */,
				299B455E2DE04934000D1F4B /* SelectablesWrappers */,
				29AECAE92CEB357C00CAD02C /* ListCell */,
				29BE3AF42CAD57E600BDEF82 /* Data */,
				29D8D3B02CEDE589000E4F72 /* Buttons */,
				29E70B942CDE03B9002B826E /* ImageHandle */,
				29F7CF132CA158FA009C303E /* DateViews */,
			);
			name = BroadcastPlanner;
			packageProductDependencies = (
				294D97A62B3B2AEC00057F70 /* FirebaseAuth */,
				29EBCDED2B762C5A00696C25 /* GoogleSignIn */,
				29EBCDEF2B762C5A00696C25 /* GoogleSignInSwift */,
				29553BFA2B9073C100C7FE6A /* FirebaseFirestore */,
				29553BFC2B9073C100C7FE6A /* FirebaseFirestoreCombine-Community */,
				29553BFE2B9073C100C7FE6A /* FirebaseFirestoreSwift */,
				29E10F592C1AF8B300A35A4B /* FirebaseStorage */,
				291EB4ED2DBFB22500FCDA75 /* FirebaseDatabase */,
				291EB4EF2DBFB22500FCDA75 /* FirebaseDatabaseSwift */,
				298270CF2E000F8B00899CF1 /* SwiftUINavigationTransitions */,
				298270D12E000FA100899CF1 /* UIKitNavigationTransitions */,
			);
			productName = BroadcastPlanner;
			productReference = 29C041BC2AC556CE008B3E1F /* BroadcastPlanner.app */;
			productType = "com.apple.product-type.application";
		};
/* End PBXNativeTarget section */

/* Begin PBXProject section */
		29C041B42AC556CE008B3E1F /* Project object */ = {
			isa = PBXProject;
			attributes = {
				BuildIndependentTargetsInParallel = 1;
				LastSwiftUpdateCheck = 1600;
				LastUpgradeCheck = 1610;
				TargetAttributes = {
					29B505BB2CB6B3C9003A1E3F = {
						CreatedOnToolsVersion = 16.0;
						TestTargetID = 29C041BB2AC556CE008B3E1F;
					};
					29C041BB2AC556CE008B3E1F = {
						CreatedOnToolsVersion = 15.0;
					};
				};
			};
			buildConfigurationList = 29C041B72AC556CE008B3E1F /* Build configuration list for PBXProject "BroadcastPlanner" */;
			compatibilityVersion = "Xcode 14.0";
			developmentRegion = en;
			hasScannedForEncodings = 0;
			knownRegions = (
				en,
				Base,
			);
			mainGroup = 29C041B32AC556CE008B3E1F;
			packageReferences = (
				294D97A52B3B2AEC00057F70 /* XCRemoteSwiftPackageReference "firebase-ios-sdk" */,
				299277962B76208300B8F892 /* XCRemoteSwiftPackageReference "GoogleSignIn-iOS" */,
				29B5722E2DF2141E0073C6D2 /* XCRemoteSwiftPackageReference "Rafinad" */,
				298270C82E000DA700899CF1 /* XCRemoteSwiftPackageReference "swiftui-navigation-transitions" */,
			);
			productRefGroup = 29C041BD2AC556CE008B3E1F /* Products */;
			projectDirPath = "";
			projectRoot = "";
			targets = (
				29C041BB2AC556CE008B3E1F /* BroadcastPlanner */,
				29B505BB2CB6B3C9003A1E3F /* BroadcastPlannerUnitTests */,
			);
		};
/* End PBXProject section */

/* Begin PBXResourcesBuildPhase section */
		29B505BA2CB6B3C9003A1E3F /* Resources */ = {
			isa = PBXResourcesBuildPhase;
			buildActionMask = 2147483647;
			files = (
			);
			runOnlyForDeploymentPostprocessing = 0;
		};
		29C041BA2AC556CE008B3E1F /* Resources */ = {
			isa = PBXResourcesBuildPhase;
			buildActionMask = 2147483647;
			files = (
				29C041C82AC556D2008B3E1F /* Preview Assets.xcassets in Resources */,
				299277982B7629FD00B8F892 /* GoogleService-Info.plist in Resources */,
				29C041C42AC556D2008B3E1F /* Assets.xcassets in Resources */,
				2955C9632B4B8C8C003F9ADC /* Localizable.xcstrings in Resources */,
			);
			runOnlyForDeploymentPostprocessing = 0;
		};
/* End PBXResourcesBuildPhase section */

/* Begin PBXSourcesBuildPhase section */
		29B505B82CB6B3C9003A1E3F /* Sources */ = {
			isa = PBXSourcesBuildPhase;
			buildActionMask = 2147483647;
			files = (
			);
			runOnlyForDeploymentPostprocessing = 0;
		};
		29C041B82AC556CE008B3E1F /* Sources */ = {
			isa = PBXSourcesBuildPhase;
			buildActionMask = 2147483647;
			files = (
				291CDA582DDCD78100724F53 /* PointEditPublishType.swift in Sources */,
				290B81752AD9149800B858F1 /* MotionManager.swift in Sources */,
				2955C9822B57C1BE003F9ADC /* SessionModel.swift in Sources */,
				29CCF2F12C80895100BCEF34 /* EmailPasswordStackView.swift in Sources */,
				293752AA2BF8CD950044924D /* BPEventFilterCaseTabView.swift in Sources */,
				299D43C72D38F925007EEEFE /* MainDataManager.swift in Sources */,
				299B45642DE04B6A000D1F4B /* LocationEditPublishType.swift in Sources */,
				299D43882D2E880F007EEEFE /* DataManager.swift in Sources */,
				29CCF2EC2C807FE000BCEF34 /* SessionManager.swift in Sources */,
				29476C0F2DACF89F007DFA88 /* CameraPosition.swift in Sources */,
				291E72CF2BBEEBDD008092D7 /* BPSpecializationCellView.swift in Sources */,
				292D664F2BD7998A009A2187 /* SmartLayout.swift in Sources */,
				2963DDC32C8848F00030DAC6 /* BPEditStadiumViewModel.swift in Sources */,
				292D664E2BD7998A009A2187 /* AnyContentView.swift in Sources */,
				295943292C64EA8700C2B27C /* BPDateFormater.swift in Sources */,
				2967DF1B2B639A90003956FD /* Error+Modifier.swift in Sources */,
				2994DE672C157C9F00DF9060 /* BroadcastEditView.swift in Sources */,
				29AE68762BE24F9A00DE8FAB /* Message.swift in Sources */,
				29476C132DACF904007DFA88 /* HardwareType.swift in Sources */,
				297507BE2C9426B400E58091 /* SaveEditControlPanelView.swift in Sources */,
				29AE68742BE24F9300DE8FAB /* Chat.swift in Sources */,
				29C041F22ACBF45B008B3E1F /* Color+Ext.swift in Sources */,
				291E72CB2BBEDF23008092D7 /* BPAccountInfoView.swift in Sources */,
				29F7CF102CA14BA9009C303E /* Date+Ext.swift in Sources */,
				29CB0F642C98B24E003B30C4 /* CarUnitEnableCellView.swift in Sources */,
				2915AD1C2BF4A2AA0038239A /* BPUserProfileView.swift in Sources */,
				290B81702AD7FCE700B858F1 /* MainEventsList.swift in Sources */,
				2916E6262C57C3930025DCC6 /* Home.swift in Sources */,
				29FFDAB82ADBC2F1005AD50F /* MainBackground.swift in Sources */,
				29476C172DACFAF4007DFA88 /* LightType.swift in Sources */,
				29F7CF122CA15861009C303E /* View+Ext.swift in Sources */,
				29CA68442DA4034300460EFE /* LocationPreview.swift in Sources */,
				2963DDC12C8758A10030DAC6 /* EventUsersGridView.swift in Sources */,
				2916E62C2C58B83E0025DCC6 /* AnimatedStart.swift in Sources */,
				291E72C92BBEC7B0008092D7 /* UserSpecialization.swift in Sources */,
				29476C112DACF8E7007DFA88 /* OpticType.swift in Sources */,
				298932682AE24D7000BD93CA /* BPError.swift in Sources */,
				29476C072DACE975007DFA88 /* SpecializationSection.swift in Sources */,
				2955C96A2B4E416D003F9ADC /* AuthenticationScreen.swift in Sources */,
				295C871E2DD38997003B01B0 /* BroadcastStatus.swift in Sources */,
				295C87202DD47B5B003B01B0 /* ExploreEventView.swift in Sources */,
				29D1697A2B85D4F800A70638 /* HaptickEngine.swift in Sources */,
				2916E60E2C4E875B0025DCC6 /* BPPlanDelegateProtocol.swift in Sources */,
				29CB0F662C9A9BDE003B30C4 /* CarUnitCellView.swift in Sources */,
				299190292C8A064400D2CDDC /* String+Ext.swift in Sources */,
				291CDA5C2DDF3CF900724F53 /* SelectableModifier.swift in Sources */,
				29E10F642C21696B00A35A4B /* GlobalSettings.swift in Sources */,
				29C8F9472CC24FD000A7D5D2 /* UserInfoTextField.swift in Sources */,
				29F42B5A2B88BBE70024B764 /* WelcomeFlowScreen.swift in Sources */,
				2955C9792B50FDEF003F9ADC /* SignUpView.swift in Sources */,
				2916E60B2C4E85400025DCC6 /* BPEditEventControlPanel.swift in Sources */,
				29CA68462DA40B1E00460EFE /* LocationCell.swift in Sources */,
				2955C96D2B4ECB05003F9ADC /* BPTextFieldWithIcon.swift in Sources */,
				29418D922C6CCDAE007CC6F3 /* FiltersEnums.swift in Sources */,
				290F598A2CE63006002EAA4A /* PersonalScreenViewModel.swift in Sources */,
				29476C192DACFC52007DFA88 /* WindDefence.swift in Sources */,
				290FF3B72B5E90240096D655 /* BPErrorView.swift in Sources */,
				29D169802B86188B00A70638 /* BPValidator.swift in Sources */,
				29778E242C0B85FC006EF6CE /* BPResetPasswordView.swift in Sources */,
				29E10F662C2169C400A35A4B /* GlobalProperties.swift in Sources */,
				29C041C02AC556CE008B3E1F /* BroadcastPlannerApp.swift in Sources */,
				291E72C32BBE859F008092D7 /* BPMessengerView.swift in Sources */,
				29476C1B2DACFC5B007DFA88 /* PlaceType.swift in Sources */,
				2994DE6E2C16F18E00DF9060 /* BPJoystick.swift in Sources */,
				299D43A52D365A49007EEEFE /* EventPointInfoPanelView.swift in Sources */,
				290056C62C37DF6400CBA472 /* BPUserDataListCellView.swift in Sources */,
				29389C3C2B8EE62F003EF60C /* UIKit+ext.swift in Sources */,
				2967DF212B64F69B003956FD /* KeyboardAdaptiveModifier.swift in Sources */,
				291CDA542DDCB2CB00724F53 /* DividerWithText.swift in Sources */,
				2967DF192B61109B003956FD /* UpdateEPView.swift in Sources */,
				2955C97C2B518715003F9ADC /* SettingsView.swift in Sources */,
			);
			runOnlyForDeploymentPostprocessing = 0;
		};
/* End PBXSourcesBuildPhase section */

/* Begin PBXTargetDependency section */
		29B505C12CB6B3C9003A1E3F /* PBXTargetDependency */ = {
			isa = PBXTargetDependency;
			target = 29C041BB2AC556CE008B3E1F /* BroadcastPlanner */;
			targetProxy = 29B505C02CB6B3C9003A1E3F /* PBXContainerItemProxy */;
		};
/* End PBXTargetDependency section */

/* Begin XCBuildConfiguration section */
		29B505C32CB6B3C9003A1E3F /* Debug */ = {
			isa = XCBuildConfiguration;
			buildSettings = {
				BUNDLE_LOADER = "$(TEST_HOST)";
				CODE_SIGN_STYLE = Automatic;
				CURRENT_PROJECT_VERSION = 1;
				GENERATE_INFOPLIST_FILE = YES;
				IPHONEOS_DEPLOYMENT_TARGET = 16.6;
				MARKETING_VERSION = 1.0;
				PRODUCT_BUNDLE_IDENTIFIER = com.maksymmiliaiev.BroadcastPlannerUnitTests;
				PRODUCT_NAME = "$(TARGET_NAME)";
				SDKROOT = iphoneos;
				SWIFT_EMIT_LOC_STRINGS = NO;
				SWIFT_VERSION = 5.0;
				TARGETED_DEVICE_FAMILY = "1,2";
				TEST_HOST = "$(BUILT_PRODUCTS_DIR)/BroadcastPlanner.app/$(BUNDLE_EXECUTABLE_FOLDER_PATH)/BroadcastPlanner";
			};
			name = Debug;
		};
		29B505C42CB6B3C9003A1E3F /* Release */ = {
			isa = XCBuildConfiguration;
			buildSettings = {
				BUNDLE_LOADER = "$(TEST_HOST)";
				CODE_SIGN_STYLE = Automatic;
				CURRENT_PROJECT_VERSION = 1;
				GENERATE_INFOPLIST_FILE = YES;
				IPHONEOS_DEPLOYMENT_TARGET = 16.6;
				MARKETING_VERSION = 1.0;
				PRODUCT_BUNDLE_IDENTIFIER = com.maksymmiliaiev.BroadcastPlannerUnitTests;
				PRODUCT_NAME = "$(TARGET_NAME)";
				SDKROOT = iphoneos;
				SWIFT_EMIT_LOC_STRINGS = NO;
				SWIFT_VERSION = 5.0;
				TARGETED_DEVICE_FAMILY = "1,2";
				TEST_HOST = "$(BUILT_PRODUCTS_DIR)/BroadcastPlanner.app/$(BUNDLE_EXECUTABLE_FOLDER_PATH)/BroadcastPlanner";
				VALIDATE_PRODUCT = YES;
			};
			name = Release;
		};
		29C041C92AC556D2008B3E1F /* Debug */ = {
			isa = XCBuildConfiguration;
			buildSettings = {
				ALWAYS_SEARCH_USER_PATHS = NO;
				ASSETCATALOG_COMPILER_GENERATE_SWIFT_ASSET_SYMBOL_EXTENSIONS = YES;
				CLANG_ANALYZER_NONNULL = YES;
				CLANG_ANALYZER_NUMBER_OBJECT_CONVERSION = YES_AGGRESSIVE;
				CLANG_CXX_LANGUAGE_STANDARD = "gnu++20";
				CLANG_ENABLE_MODULES = YES;
				CLANG_ENABLE_OBJC_ARC = YES;
				CLANG_ENABLE_OBJC_WEAK = YES;
				CLANG_WARN_BLOCK_CAPTURE_AUTORELEASING = YES;
				CLANG_WARN_BOOL_CONVERSION = YES;
				CLANG_WARN_COMMA = YES;
				CLANG_WARN_CONSTANT_CONVERSION = YES;
				CLANG_WARN_DEPRECATED_OBJC_IMPLEMENTATIONS = YES;
				CLANG_WARN_DIRECT_OBJC_ISA_USAGE = YES_ERROR;
				CLANG_WARN_DOCUMENTATION_COMMENTS = YES;
				CLANG_WARN_EMPTY_BODY = YES;
				CLANG_WARN_ENUM_CONVERSION = YES;
				CLANG_WARN_INFINITE_RECURSION = YES;
				CLANG_WARN_INT_CONVERSION = YES;
				CLANG_WARN_NON_LITERAL_NULL_CONVERSION = YES;
				CLANG_WARN_OBJC_IMPLICIT_RETAIN_SELF = YES;
				CLANG_WARN_OBJC_LITERAL_CONVERSION = YES;
				CLANG_WARN_OBJC_ROOT_CLASS = YES_ERROR;
				CLANG_WARN_QUOTED_INCLUDE_IN_FRAMEWORK_HEADER = YES;
				CLANG_WARN_RANGE_LOOP_ANALYSIS = YES;
				CLANG_WARN_STRICT_PROTOTYPES = YES;
				CLANG_WARN_SUSPICIOUS_MOVE = YES;
				CLANG_WARN_UNGUARDED_AVAILABILITY = YES_AGGRESSIVE;
				CLANG_WARN_UNREACHABLE_CODE = YES;
				CLANG_WARN__DUPLICATE_METHOD_MATCH = YES;
				COPY_PHASE_STRIP = NO;
				DEAD_CODE_STRIPPING = YES;
				DEBUG_INFORMATION_FORMAT = dwarf;
				ENABLE_STRICT_OBJC_MSGSEND = YES;
				ENABLE_TESTABILITY = YES;
				ENABLE_USER_SCRIPT_SANDBOXING = YES;
				GCC_C_LANGUAGE_STANDARD = gnu17;
				GCC_DYNAMIC_NO_PIC = NO;
				GCC_NO_COMMON_BLOCKS = YES;
				GCC_OPTIMIZATION_LEVEL = 0;
				GCC_PREPROCESSOR_DEFINITIONS = (
					"DEBUG=1",
					"$(inherited)",
				);
				GCC_WARN_64_TO_32_BIT_CONVERSION = YES;
				GCC_WARN_ABOUT_RETURN_TYPE = YES_ERROR;
				GCC_WARN_UNDECLARED_SELECTOR = YES;
				GCC_WARN_UNINITIALIZED_AUTOS = YES_AGGRESSIVE;
				GCC_WARN_UNUSED_FUNCTION = YES;
				GCC_WARN_UNUSED_VARIABLE = YES;
				IPHONEOS_DEPLOYMENT_TARGET = 16.4;
				LOCALIZATION_PREFERS_STRING_CATALOGS = YES;
				MTL_ENABLE_DEBUG_INFO = INCLUDE_SOURCE;
				MTL_FAST_MATH = YES;
				ONLY_ACTIVE_ARCH = YES;
				SWIFT_ACTIVE_COMPILATION_CONDITIONS = "DEBUG $(inherited)";
				SWIFT_OPTIMIZATION_LEVEL = "-Onone";
			};
			name = Debug;
		};
		29C041CA2AC556D2008B3E1F /* Release */ = {
			isa = XCBuildConfiguration;
			buildSettings = {
				ALWAYS_SEARCH_USER_PATHS = NO;
				ASSETCATALOG_COMPILER_GENERATE_SWIFT_ASSET_SYMBOL_EXTENSIONS = YES;
				CLANG_ANALYZER_NONNULL = YES;
				CLANG_ANALYZER_NUMBER_OBJECT_CONVERSION = YES_AGGRESSIVE;
				CLANG_CXX_LANGUAGE_STANDARD = "gnu++20";
				CLANG_ENABLE_MODULES = YES;
				CLANG_ENABLE_OBJC_ARC = YES;
				CLANG_ENABLE_OBJC_WEAK = YES;
				CLANG_WARN_BLOCK_CAPTURE_AUTORELEASING = YES;
				CLANG_WARN_BOOL_CONVERSION = YES;
				CLANG_WARN_COMMA = YES;
				CLANG_WARN_CONSTANT_CONVERSION = YES;
				CLANG_WARN_DEPRECATED_OBJC_IMPLEMENTATIONS = YES;
				CLANG_WARN_DIRECT_OBJC_ISA_USAGE = YES_ERROR;
				CLANG_WARN_DOCUMENTATION_COMMENTS = YES;
				CLANG_WARN_EMPTY_BODY = YES;
				CLANG_WARN_ENUM_CONVERSION = YES;
				CLANG_WARN_INFINITE_RECURSION = YES;
				CLANG_WARN_INT_CONVERSION = YES;
				CLANG_WARN_NON_LITERAL_NULL_CONVERSION = YES;
				CLANG_WARN_OBJC_IMPLICIT_RETAIN_SELF = YES;
				CLANG_WARN_OBJC_LITERAL_CONVERSION = YES;
				CLANG_WARN_OBJC_ROOT_CLASS = YES_ERROR;
				CLANG_WARN_QUOTED_INCLUDE_IN_FRAMEWORK_HEADER = YES;
				CLANG_WARN_RANGE_LOOP_ANALYSIS = YES;
				CLANG_WARN_STRICT_PROTOTYPES = YES;
				CLANG_WARN_SUSPICIOUS_MOVE = YES;
				CLANG_WARN_UNGUARDED_AVAILABILITY = YES_AGGRESSIVE;
				CLANG_WARN_UNREACHABLE_CODE = YES;
				CLANG_WARN__DUPLICATE_METHOD_MATCH = YES;
				COPY_PHASE_STRIP = NO;
				DEAD_CODE_STRIPPING = YES;
				DEBUG_INFORMATION_FORMAT = "dwarf-with-dsym";
				ENABLE_NS_ASSERTIONS = NO;
				ENABLE_STRICT_OBJC_MSGSEND = YES;
				ENABLE_USER_SCRIPT_SANDBOXING = YES;
				GCC_C_LANGUAGE_STANDARD = gnu17;
				GCC_NO_COMMON_BLOCKS = YES;
				GCC_WARN_64_TO_32_BIT_CONVERSION = YES;
				GCC_WARN_ABOUT_RETURN_TYPE = YES_ERROR;
				GCC_WARN_UNDECLARED_SELECTOR = YES;
				GCC_WARN_UNINITIALIZED_AUTOS = YES_AGGRESSIVE;
				GCC_WARN_UNUSED_FUNCTION = YES;
				GCC_WARN_UNUSED_VARIABLE = YES;
				IPHONEOS_DEPLOYMENT_TARGET = 16.4;
				LOCALIZATION_PREFERS_STRING_CATALOGS = YES;
				MTL_ENABLE_DEBUG_INFO = NO;
				MTL_FAST_MATH = YES;
				SWIFT_COMPILATION_MODE = wholemodule;
			};
			name = Release;
		};
		29C041CC2AC556D2008B3E1F /* Debug */ = {
			isa = XCBuildConfiguration;
			buildSettings = {
				ASSETCATALOG_COMPILER_APPICON_NAME = AppIcon;
				ASSETCATALOG_COMPILER_GLOBAL_ACCENT_COLOR_NAME = AccentColor;
				CODE_SIGN_ENTITLEMENTS = BroadcastPlanner/BroadcastPlanner.entitlements;
				CODE_SIGN_STYLE = Automatic;
				CURRENT_PROJECT_VERSION = 1;
				DEAD_CODE_STRIPPING = YES;
				DEVELOPMENT_ASSET_PATHS = "\"BroadcastPlanner/Preview Content\"";
				DEVELOPMENT_TEAM = 32A46KSFC5;
				ENABLE_HARDENED_RUNTIME = YES;
				ENABLE_PREVIEWS = YES;
				GENERATE_INFOPLIST_FILE = YES;
				INFOPLIST_FILE = BroadcastPlanner/Info.plist;
				"INFOPLIST_KEY_UIApplicationSceneManifest_Generation[sdk=iphoneos*]" = YES;
				"INFOPLIST_KEY_UIApplicationSceneManifest_Generation[sdk=iphonesimulator*]" = YES;
				"INFOPLIST_KEY_UIApplicationSupportsIndirectInputEvents[sdk=iphoneos*]" = YES;
				"INFOPLIST_KEY_UIApplicationSupportsIndirectInputEvents[sdk=iphonesimulator*]" = YES;
				"INFOPLIST_KEY_UILaunchScreen_Generation[sdk=iphoneos*]" = YES;
				"INFOPLIST_KEY_UILaunchScreen_Generation[sdk=iphonesimulator*]" = YES;
				"INFOPLIST_KEY_UIStatusBarStyle[sdk=iphoneos*]" = UIStatusBarStyleDefault;
				"INFOPLIST_KEY_UIStatusBarStyle[sdk=iphonesimulator*]" = UIStatusBarStyleDefault;
				INFOPLIST_KEY_UISupportedInterfaceOrientations = UIInterfaceOrientationPortrait;
				IPHONEOS_DEPLOYMENT_TARGET = 16.6;
				LD_RUNPATH_SEARCH_PATHS = "@executable_path/Frameworks";
				"LD_RUNPATH_SEARCH_PATHS[sdk=macosx*]" = "@executable_path/../Frameworks";
				MACOSX_DEPLOYMENT_TARGET = 13.6;
				MARKETING_VERSION = 1.0;
				PRODUCT_BUNDLE_IDENTIFIER = com.maksymmiliaiev.BroadcastPlanner;
				PRODUCT_NAME = "$(TARGET_NAME)";
				SDKROOT = auto;
				SUPPORTED_PLATFORMS = "iphoneos iphonesimulator";
				SUPPORTS_MACCATALYST = NO;
				SWIFT_EMIT_LOC_STRINGS = YES;
				SWIFT_VERSION = 5.0;
				TARGETED_DEVICE_FAMILY = 1;
			};
			name = Debug;
		};
		29C041CD2AC556D2008B3E1F /* Release */ = {
			isa = XCBuildConfiguration;
			buildSettings = {
				ASSETCATALOG_COMPILER_APPICON_NAME = AppIcon;
				ASSETCATALOG_COMPILER_GLOBAL_ACCENT_COLOR_NAME = AccentColor;
				CODE_SIGN_ENTITLEMENTS = BroadcastPlanner/BroadcastPlanner.entitlements;
				CODE_SIGN_STYLE = Automatic;
				CURRENT_PROJECT_VERSION = 1;
				DEAD_CODE_STRIPPING = YES;
				DEVELOPMENT_ASSET_PATHS = "\"BroadcastPlanner/Preview Content\"";
				DEVELOPMENT_TEAM = 32A46KSFC5;
				ENABLE_HARDENED_RUNTIME = YES;
				ENABLE_PREVIEWS = YES;
				GENERATE_INFOPLIST_FILE = YES;
				INFOPLIST_FILE = BroadcastPlanner/Info.plist;
				"INFOPLIST_KEY_UIApplicationSceneManifest_Generation[sdk=iphoneos*]" = YES;
				"INFOPLIST_KEY_UIApplicationSceneManifest_Generation[sdk=iphonesimulator*]" = YES;
				"INFOPLIST_KEY_UIApplicationSupportsIndirectInputEvents[sdk=iphoneos*]" = YES;
				"INFOPLIST_KEY_UIApplicationSupportsIndirectInputEvents[sdk=iphonesimulator*]" = YES;
				"INFOPLIST_KEY_UILaunchScreen_Generation[sdk=iphoneos*]" = YES;
				"INFOPLIST_KEY_UILaunchScreen_Generation[sdk=iphonesimulator*]" = YES;
				"INFOPLIST_KEY_UIStatusBarStyle[sdk=iphoneos*]" = UIStatusBarStyleDefault;
				"INFOPLIST_KEY_UIStatusBarStyle[sdk=iphonesimulator*]" = UIStatusBarStyleDefault;
				INFOPLIST_KEY_UISupportedInterfaceOrientations = UIInterfaceOrientationPortrait;
				IPHONEOS_DEPLOYMENT_TARGET = 16.6;
				LD_RUNPATH_SEARCH_PATHS = "@executable_path/Frameworks";
				"LD_RUNPATH_SEARCH_PATHS[sdk=macosx*]" = "@executable_path/../Frameworks";
				MACOSX_DEPLOYMENT_TARGET = 13.6;
				MARKETING_VERSION = 1.0;
				PRODUCT_BUNDLE_IDENTIFIER = com.maksymmiliaiev.BroadcastPlanner;
				PRODUCT_NAME = "$(TARGET_NAME)";
				SDKROOT = auto;
				SUPPORTED_PLATFORMS = "iphoneos iphonesimulator";
				SUPPORTS_MACCATALYST = NO;
				SWIFT_EMIT_LOC_STRINGS = YES;
				SWIFT_VERSION = 5.0;
				TARGETED_DEVICE_FAMILY = 1;
			};
			name = Release;
		};
/* End XCBuildConfiguration section */

/* Begin XCConfigurationList section */
		29B505C22CB6B3C9003A1E3F /* Build configuration list for PBXNativeTarget "BroadcastPlannerUnitTests" */ = {
			isa = XCConfigurationList;
			buildConfigurations = (
				29B505C32CB6B3C9003A1E3F /* Debug */,
				29B505C42CB6B3C9003A1E3F /* Release */,
			);
			defaultConfigurationIsVisible = 0;
			defaultConfigurationName = Release;
		};
		29C041B72AC556CE008B3E1F /* Build configuration list for PBXProject "BroadcastPlanner" */ = {
			isa = XCConfigurationList;
			buildConfigurations = (
				29C041C92AC556D2008B3E1F /* Debug */,
				29C041CA2AC556D2008B3E1F /* Release */,
			);
			defaultConfigurationIsVisible = 0;
			defaultConfigurationName = Release;
		};
		29C041CB2AC556D2008B3E1F /* Build configuration list for PBXNativeTarget "BroadcastPlanner" */ = {
			isa = XCConfigurationList;
			buildConfigurations = (
				29C041CC2AC556D2008B3E1F /* Debug */,
				29C041CD2AC556D2008B3E1F /* Release */,
			);
			defaultConfigurationIsVisible = 0;
			defaultConfigurationName = Release;
		};
/* End XCConfigurationList section */

/* Begin XCRemoteSwiftPackageReference section */
		294D97A52B3B2AEC00057F70 /* XCRemoteSwiftPackageReference "firebase-ios-sdk" */ = {
			isa = XCRemoteSwiftPackageReference;
			repositoryURL = "https://github.com/firebase/firebase-ios-sdk.git";
			requirement = {
				kind = upToNextMajorVersion;
				minimumVersion = 10.19.1;
			};
		};
		298270C82E000DA700899CF1 /* XCRemoteSwiftPackageReference "swiftui-navigation-transitions" */ = {
			isa = XCRemoteSwiftPackageReference;
			repositoryURL = "https://github.com/davdroman/swiftui-navigation-transitions.git";
			requirement = {
				kind = upToNextMajorVersion;
				minimumVersion = 0.15.1;
			};
		};
		299277962B76208300B8F892 /* XCRemoteSwiftPackageReference "GoogleSignIn-iOS" */ = {
			isa = XCRemoteSwiftPackageReference;
			repositoryURL = "https://github.com/google/GoogleSignIn-iOS.git";
			requirement = {
				kind = upToNextMajorVersion;
				minimumVersion = 7.0.0;
			};
		};
		29B5722E2DF2141E0073C6D2 /* XCRemoteSwiftPackageReference "Rafinad" */ = {
			isa = XCRemoteSwiftPackageReference;
			repositoryURL = "https://github.com/hhru/Rafinad.git";
			requirement = {
				kind = upToNextMajorVersion;
				minimumVersion = 1.0.0;
			};
		};
/* End XCRemoteSwiftPackageReference section */

/* Begin XCSwiftPackageProductDependency section */
		291EB4ED2DBFB22500FCDA75 /* FirebaseDatabase */ = {
			isa = XCSwiftPackageProductDependency;
			package = 294D97A52B3B2AEC00057F70 /* XCRemoteSwiftPackageReference "firebase-ios-sdk" */;
			productName = FirebaseDatabase;
		};
		291EB4EF2DBFB22500FCDA75 /* FirebaseDatabaseSwift */ = {
			isa = XCSwiftPackageProductDependency;
			package = 294D97A52B3B2AEC00057F70 /* XCRemoteSwiftPackageReference "firebase-ios-sdk" */;
			productName = FirebaseDatabaseSwift;
		};
		294D97A62B3B2AEC00057F70 /* FirebaseAuth */ = {
			isa = XCSwiftPackageProductDependency;
			package = 294D97A52B3B2AEC00057F70 /* XCRemoteSwiftPackageReference "firebase-ios-sdk" */;
			productName = FirebaseAuth;
		};
		29553BFA2B9073C100C7FE6A /* FirebaseFirestore */ = {
			isa = XCSwiftPackageProductDependency;
			package = 294D97A52B3B2AEC00057F70 /* XCRemoteSwiftPackageReference "firebase-ios-sdk" */;
			productName = FirebaseFirestore;
		};
		29553BFC2B9073C100C7FE6A /* FirebaseFirestoreCombine-Community */ = {
			isa = XCSwiftPackageProductDependency;
			package = 294D97A52B3B2AEC00057F70 /* XCRemoteSwiftPackageReference "firebase-ios-sdk" */;
			productName = "FirebaseFirestoreCombine-Community";
		};
		29553BFE2B9073C100C7FE6A /* FirebaseFirestoreSwift */ = {
			isa = XCSwiftPackageProductDependency;
			package = 294D97A52B3B2AEC00057F70 /* XCRemoteSwiftPackageReference "firebase-ios-sdk" */;
			productName = FirebaseFirestoreSwift;
		};
		298270CF2E000F8B00899CF1 /* SwiftUINavigationTransitions */ = {
			isa = XCSwiftPackageProductDependency;
			package = 298270C82E000DA700899CF1 /* XCRemoteSwiftPackageReference "swiftui-navigation-transitions" */;
			productName = SwiftUINavigationTransitions;
		};
		298270D12E000FA100899CF1 /* UIKitNavigationTransitions */ = {
			isa = XCSwiftPackageProductDependency;
			package = 298270C82E000DA700899CF1 /* XCRemoteSwiftPackageReference "swiftui-navigation-transitions" */;
			productName = UIKitNavigationTransitions;
		};
		29E10F592C1AF8B300A35A4B /* FirebaseStorage */ = {
			isa = XCSwiftPackageProductDependency;
			package = 294D97A52B3B2AEC00057F70 /* XCRemoteSwiftPackageReference "firebase-ios-sdk" */;
			productName = FirebaseStorage;
		};
		29EBCDED2B762C5A00696C25 /* GoogleSignIn */ = {
			isa = XCSwiftPackageProductDependency;
			package = 299277962B76208300B8F892 /* XCRemoteSwiftPackageReference "GoogleSignIn-iOS" */;
			productName = GoogleSignIn;
		};
		29EBCDEF2B762C5A00696C25 /* GoogleSignInSwift */ = {
			isa = XCSwiftPackageProductDependency;
			package = 299277962B76208300B8F892 /* XCRemoteSwiftPackageReference "GoogleSignIn-iOS" */;
			productName = GoogleSignInSwift;
		};
/* End XCSwiftPackageProductDependency section */
	};
	rootObject = 29C041B42AC556CE008B3E1F /* Project object */;
}
